{
  "nodes": {
    "fish-plugin-async-prompt": {
      "flake": false,
      "locked": {
        "lastModified": 1677372971,
        "narHash": "sha256-YgqZINmY4nKphlqwHo2B0NfP4nmSxIIuAMUuoftI9Lg=",
        "owner": "acomagu",
        "repo": "fish-async-prompt",
        "rev": "4c732cc043b8dd04e64a169ec6bbf3a9b394819f",
        "type": "github"
      },
      "original": {
        "owner": "acomagu",
        "repo": "fish-async-prompt",
        "type": "github"
      }
    },
    "fish-plugin-autopair-fish": {
      "flake": false,
      "locked": {
        "lastModified": 1656950411,
        "narHash": "sha256-qt3t1iKRRNuiLWiVoiAYOu+9E7jsyECyIqZJ/oRIT1A=",
        "owner": "jorgebucaran",
        "repo": "autopair.fish",
        "rev": "4d1752ff5b39819ab58d7337c69220342e9de0e2",
        "type": "github"
      },
      "original": {
        "owner": "jorgebucaran",
        "repo": "autopair.fish",
        "type": "github"
      }
    },
    "flake-parts": {
      "inputs": {
        "nixpkgs-lib": "nixpkgs-lib"
      },
      "locked": {
        "lastModified": 1685662779,
        "narHash": "sha256-cKDDciXGpMEjP1n6HlzKinN0H+oLmNpgeCTzYnsA2po=",
        "owner": "hercules-ci",
        "repo": "flake-parts",
        "rev": "71fb97f0d875fd4de4994dfb849f2c75e17eb6c3",
        "type": "github"
      },
      "original": {
        "owner": "hercules-ci",
        "repo": "flake-parts",
        "type": "github"
      }
    },
    "flake-utils": {
      "inputs": {
        "systems": "systems"
      },
      "locked": {
        "lastModified": 1687171271,
        "narHash": "sha256-BJlq+ozK2B1sJDQXS3tzJM5a+oVZmi1q0FlBK/Xqv7M=",
        "owner": "numtide",
        "repo": "flake-utils",
        "rev": "abfb11bd1aec8ced1c9bb9adfe68018230f4fb3c",
        "type": "github"
      },
      "original": {
        "owner": "numtide",
        "repo": "flake-utils",
        "type": "github"
      }
    },
    "gomod2nix": {
      "inputs": {
        "nixpkgs": [
          "nixpkgs"
        ],
        "utils": "utils"
      },
      "locked": {
        "lastModified": 1677459247,
        "narHash": "sha256-JbakfAiPYmCCV224yAMq/XO0udN5coWv/oazblMKdoY=",
        "owner": "nix-community",
        "repo": "gomod2nix",
        "rev": "3cbf3a51fe32e2f57af4c52744e7228bab22983d",
        "type": "github"
      },
      "original": {
        "owner": "nix-community",
        "repo": "gomod2nix",
        "type": "github"
      }
    },
    "home-manager": {
      "inputs": {
        "nixpkgs": [
          "nixpkgs"
        ]
      },
      "locked": {
        "lastModified": 1687627695,
        "narHash": "sha256-6Pu7nWb52PRtUmihwuDNShDmsZiXgtXR0OARtH4DSik=",
        "owner": "nix-community",
        "repo": "home-manager",
        "rev": "172d46d4b2677b32277d903bdf4cff77c2cc6477",
        "type": "github"
      },
      "original": {
        "owner": "nix-community",
        "repo": "home-manager",
        "type": "github"
      }
    },
    "nix-darwin": {
      "inputs": {
        "nixpkgs": [
          "nixpkgs"
        ]
      },
      "locked": {
        "lastModified": 1687642959,
        "narHash": "sha256-mrnYXgXOyiXNAxSDEdRjOFA0DmQollHYOSEvGHPscCg=",
        "owner": "lnl7",
        "repo": "nix-darwin",
        "rev": "ace0ef2a26bc428e768a5926eae95a63cfcf8b52",
        "type": "github"
      },
      "original": {
        "owner": "lnl7",
        "ref": "master",
        "repo": "nix-darwin",
        "type": "github"
      }
    },
    "nix-index-database": {
      "inputs": {
        "nixpkgs": [
          "nixpkgs"
        ]
      },
      "locked": {
        "lastModified": 1687097842,
        "narHash": "sha256-NPAaRZx5foWLgIPfEaiEZMr9JIlEQhLEVEXpx09341Q=",
        "owner": "Mic92",
        "repo": "nix-index-database",
        "rev": "c8210cb3fcde6860255b54ddba74dc177e6232cd",
        "type": "github"
      },
      "original": {
        "owner": "Mic92",
        "repo": "nix-index-database",
        "type": "github"
      }
    },
    "nix-xdg": {
      "flake": false,
      "locked": {
        "lastModified": 1512105841,
        "narHash": "sha256-QIumPb5uZk6R6WInPKMzBSCOD6k5REZmWIp1vYITNNo=",
        "owner": "infinisil",
        "repo": "nix-xdg",
        "rev": "230fb8ae96f6660e2c2990accdbbf1764942ff11",
        "type": "github"
      },
      "original": {
        "owner": "infinisil",
        "repo": "nix-xdg",
        "type": "github"
      }
    },
    "nixpkgs": {
      "locked": {
        "lastModified": 1688465017,
        "narHash": "sha256-xzFcCnzPOgQaX7Acprfqo+tqHJ2UKWC38pXrcqvdXHU=",
        "owner": "nixos",
        "repo": "nixpkgs",
        "rev": "0d5682acc109add20f70440269587a1b169cc2fe",
        "type": "github"
      },
      "original": {
        "owner": "nixos",
        "ref": "nixpkgs-unstable",
        "repo": "nixpkgs",
        "type": "github"
      }
    },
    "nixpkgs-lib": {
      "locked": {
        "dir": "lib",
        "lastModified": 1685564631,
        "narHash": "sha256-8ywr3AkblY4++3lIVxmrWZFzac7+f32ZEhH/A8pNscI=",
        "owner": "NixOS",
        "repo": "nixpkgs",
        "rev": "4f53efe34b3a8877ac923b9350c874e3dcd5dc0a",
        "type": "github"
      },
      "original": {
        "dir": "lib",
        "owner": "NixOS",
        "ref": "nixos-unstable",
        "repo": "nixpkgs",
        "type": "github"
      }
    },
    "root": {
      "inputs": {
        "fish-plugin-async-prompt": "fish-plugin-async-prompt",
        "fish-plugin-autopair-fish": "fish-plugin-autopair-fish",
        "flake-parts": "flake-parts",
        "flake-utils": "flake-utils",
        "gomod2nix": "gomod2nix",
        "home-manager": "home-manager",
        "nix-darwin": "nix-darwin",
        "nix-index-database": "nix-index-database",
        "nix-xdg": "nix-xdg",
        "nixpkgs": "nixpkgs",
        "stackline": "stackline",
        "tmux-plugin-resurrect": "tmux-plugin-resurrect",
        "tmux-plugin-tmux-suspend": "tmux-plugin-tmux-suspend",
        "vim-plugin-cmp-env": "vim-plugin-cmp-env",
        "vim-plugin-czs-nvim": "vim-plugin-czs-nvim",
        "vim-plugin-folding-nvim": "vim-plugin-folding-nvim",
        "vim-plugin-schemastore-nvim": "vim-plugin-schemastore-nvim",
        "vim-plugin-vim": "vim-plugin-vim",
        "vim-plugin-vim-CursorLineCurrentWindow": "vim-plugin-vim-CursorLineCurrentWindow",
        "vim-plugin-vim-caser": "vim-plugin-vim-caser",
        "vim-plugin-virt-column-nvim": "vim-plugin-virt-column-nvim"
      }
    },
    "stackline": {
      "flake": false,
      "locked": {
        "lastModified": 1669758007,
        "narHash": "sha256-x7SIgKR6rwkoVVbaAvjFr1N7wTF3atni/d6xGLBBRN4=",
        "owner": "AdamWagner",
        "repo": "stackline",
        "rev": "2aa0bd9a27f93bad24b0fd4da38f3c0356414098",
        "type": "github"
      },
      "original": {
        "owner": "AdamWagner",
        "repo": "stackline",
        "type": "github"
      }
    },
    "systems": {
      "locked": {
        "lastModified": 1681028828,
        "narHash": "sha256-Vy1rq5AaRuLzOxct8nz4T6wlgyUR7zLU309k9mBC768=",
        "owner": "nix-systems",
        "repo": "default",
        "rev": "da67096a3b9bf56a91d16901293e51ba5b49a27e",
        "type": "github"
      },
      "original": {
        "owner": "nix-systems",
        "repo": "default",
        "type": "github"
      }
    },
    "tmux-plugin-resurrect": {
      "flake": false,
      "locked": {
        "lastModified": 1678098022,
        "narHash": "sha256-FcSjYyWjXM1B+WmiK2bqUNJYtH7sJBUsY2IjSur5TjY=",
        "owner": "tmux-plugins",
        "repo": "tmux-resurrect",
        "rev": "cff343cf9e81983d3da0c8562b01616f12e8d548",
        "type": "github"
      },
      "original": {
        "owner": "tmux-plugins",
        "repo": "tmux-resurrect",
        "type": "github"
      }
    },
    "tmux-plugin-tmux-suspend": {
      "flake": false,
      "locked": {
        "lastModified": 1673761096,
        "narHash": "sha256-+1fKkwDmr5iqro0XeL8gkjOGGB/YHBD25NG+w3iW+0g=",
        "owner": "MunifTanjim",
        "repo": "tmux-suspend",
        "rev": "1a2f806666e0bfed37535372279fa00d27d50d14",
        "type": "github"
      },
      "original": {
        "owner": "MunifTanjim",
        "repo": "tmux-suspend",
        "type": "github"
      }
    },
    "utils": {
      "locked": {
        "lastModified": 1653893745,
        "narHash": "sha256-0jntwV3Z8//YwuOjzhV2sgJJPt+HY6KhU7VZUL0fKZQ=",
        "owner": "numtide",
        "repo": "flake-utils",
        "rev": "1ed9fb1935d260de5fe1c2f7ee0ebaae17ed2fa1",
        "type": "github"
      },
      "original": {
        "owner": "numtide",
        "repo": "flake-utils",
        "type": "github"
      }
    },
    "vim-plugin-cmp-env": {
      "flake": false,
      "locked": {
        "lastModified": 1666605168,
        "narHash": "sha256-zgxqKYs/l/C6B8gv0iswmdHFl4NuvgX2sYTQxQwvecY=",
        "owner": "bydlw98",
        "repo": "cmp-env",
        "rev": "d27a9579e7846b0d30f247a3d6bc730819e702bb",
        "type": "github"
      },
      "original": {
        "owner": "bydlw98",
        "repo": "cmp-env",
        "type": "github"
      }
    },
    "vim-plugin-czs-nvim": {
      "flake": false,
      "locked": {
        "lastModified": 1673541598,
        "narHash": "sha256-n6ajxLE9ONnar7fJb0BsqYuCv/3TuUpSKTjAHfWuExE=",
        "owner": "oncomouse",
        "repo": "czs.nvim",
        "rev": "d74dd1fa7b6953055de939267eb0e21eb2147d95",
        "type": "github"
      },
      "original": {
        "owner": "oncomouse",
        "repo": "czs.nvim",
        "type": "github"
      }
    },
    "vim-plugin-folding-nvim": {
      "flake": false,
      "locked": {
        "lastModified": 1645291707,
        "narHash": "sha256-LitLBBdGGJltivCRE3Rc33KwM7fs1uqB6+gCXGogw3A=",
        "owner": "pierreglaser",
        "repo": "folding-nvim",
        "rev": "5d2b3d98c47c8c16aade06ebfd411bc74ad6d205",
        "type": "github"
      },
      "original": {
        "owner": "pierreglaser",
        "repo": "folding-nvim",
        "type": "github"
      }
    },
    "vim-plugin-schemastore-nvim": {
      "flake": false,
      "locked": {
        "lastModified": 1687539652,
        "narHash": "sha256-I3R9rl7V0boREELSrYNJcdaeHTZw9SSSdiSskaHFM+U=",
        "owner": "b0o",
        "repo": "SchemaStore.nvim",
        "rev": "7322390c9abff6f137774d9e04bddb3cd725afd1",
        "type": "github"
      },
      "original": {
        "owner": "b0o",
        "repo": "SchemaStore.nvim",
        "type": "github"
      }
    },
    "vim-plugin-vim": {
      "flake": false,
      "locked": {
        "lastModified": 1683146605,
        "narHash": "sha256-P4fbRNeJjXOoAQiWXXHZhm4ejgMD8W7OkdEF4TpEc7g=",
        "owner": "nordtheme",
        "repo": "vim",
        "rev": "f13f5dfbb784deddbc1d8195f34dfd9ec73e2295",
        "type": "github"
      },
      "original": {
        "owner": "nordtheme",
        "repo": "vim",
        "type": "github"
      }
    },
    "vim-plugin-vim-CursorLineCurrentWindow": {
      "flake": false,
      "locked": {
        "lastModified": 1592423479,
        "narHash": "sha256-rOdpyZR7UFPaMlRibv3RvlV9xis1s88GLXlujr1Z1lw=",
        "owner": "inkarkat",
        "repo": "vim-CursorLineCurrentWindow",
        "rev": "6f0875f8db5754aceb2e36fb986179c3812b44b2",
        "type": "github"
      },
      "original": {
        "owner": "inkarkat",
        "repo": "vim-CursorLineCurrentWindow",
        "type": "github"
      }
    },
    "vim-plugin-vim-caser": {
      "flake": false,
      "locked": {
        "lastModified": 1627424152,
        "narHash": "sha256-PXAY01O/cHvAdWx3V/pyWFeiV5qJGvLcAKhl5DQc0Ps=",
        "owner": "arthurxavierx",
        "repo": "vim-caser",
        "rev": "6bc9f41d170711c58e0157d882a5fe8c30f34bf6",
        "type": "github"
      },
      "original": {
        "owner": "arthurxavierx",
        "repo": "vim-caser",
        "type": "github"
      }
    },
    "vim-plugin-virt-column-nvim": {
      "flake": false,
      "locked": {
        "lastModified": 1674188823,
        "narHash": "sha256-6EbEzg2bfoHmVZyggwvsDlW9OOA4UkcfO0qG0TEDKQs=",
        "owner": "lukas-reineke",
        "repo": "virt-column.nvim",
        "rev": "93b40ea038f676f5a72d7d1f2336fe7b051fc0ce",
        "type": "github"
      },
      "original": {
        "owner": "lukas-reineke",
        "repo": "virt-column.nvim",
        "type": "github"
      }
    }
  },
  "root": "root",
  "version": 7
}
