{
  "nodes": {
    "fish-plugin-async-prompt": {
      "flake": false,
      "locked": {
        "lastModified": 1707036484,
        "narHash": "sha256-J7y3BjqwuEH4zDQe4cWylLn+Vn2Q5pv0XwOSPwhw/Z0=",
        "owner": "acomagu",
        "repo": "fish-async-prompt",
        "rev": "316aa03c875b58e7c7f7d3bc9a78175aa47dbaa8",
        "type": "github"
      },
      "original": {
        "owner": "acomagu",
        "repo": "fish-async-prompt",
        "type": "github"
      }
    },
    "fish-plugin-autopair-fish": {
      "flake": false,
      "locked": {
        "lastModified": 1656950411,
        "narHash": "sha256-qt3t1iKRRNuiLWiVoiAYOu+9E7jsyECyIqZJ/oRIT1A=",
        "owner": "jorgebucaran",
        "repo": "autopair.fish",
        "rev": "4d1752ff5b39819ab58d7337c69220342e9de0e2",
        "type": "github"
      },
      "original": {
        "owner": "jorgebucaran",
        "repo": "autopair.fish",
        "type": "github"
      }
    },
    "fish-plugin-completion-sync": {
      "flake": false,
      "locked": {
        "lastModified": 1690910715,
        "narHash": "sha256-wmtMUVi/NmbvJtrPbORPhAwXgnILvm4rjOtjl98GcWA=",
        "owner": "pfgray",
        "repo": "fish-completion-sync",
        "rev": "f75ed04e98b3b39af1d3ce6256ca5232305565d8",
        "type": "github"
      },
      "original": {
        "owner": "pfgray",
        "repo": "fish-completion-sync",
        "type": "github"
      }
    },
    "fish-plugin-done": {
      "flake": false,
      "locked": {
        "lastModified": 1712867771,
        "narHash": "sha256-DMIRKRAVOn7YEnuAtz4hIxrU93ULxNoQhW6juxCoh4o=",
        "owner": "franciscolourenco",
        "repo": "done",
        "rev": "eb32ade85c0f2c68cbfcff3036756bbf27a4f366",
        "type": "github"
      },
      "original": {
        "owner": "franciscolourenco",
        "repo": "done",
        "type": "github"
      }
    },
    "flake-compat": {
      "flake": false,
      "locked": {
        "lastModified": 1696426674,
        "narHash": "sha256-kvjfFW7WAETZlt09AgDn1MrtKzP7t90Vf7vypd3OL1U=",
        "owner": "edolstra",
        "repo": "flake-compat",
        "rev": "0f9255e01c2351cc7d116c072cb317785dd33b33",
        "type": "github"
      },
      "original": {
        "owner": "edolstra",
        "repo": "flake-compat",
        "type": "github"
      }
    },
    "flake-compat_2": {
      "flake": false,
      "locked": {
        "lastModified": 1696426674,
        "narHash": "sha256-kvjfFW7WAETZlt09AgDn1MrtKzP7t90Vf7vypd3OL1U=",
        "owner": "edolstra",
        "repo": "flake-compat",
        "rev": "0f9255e01c2351cc7d116c072cb317785dd33b33",
        "type": "github"
      },
      "original": {
        "owner": "edolstra",
        "repo": "flake-compat",
        "type": "github"
      }
    },
    "flake-parts": {
      "inputs": {
        "nixpkgs-lib": "nixpkgs-lib"
      },
      "locked": {
        "lastModified": 1706830856,
        "narHash": "sha256-a0NYyp+h9hlb7ddVz4LUn1vT/PLwqfrWYcHMvFB1xYg=",
        "owner": "hercules-ci",
        "repo": "flake-parts",
        "rev": "b253292d9c0a5ead9bc98c4e9a26c6312e27d69f",
        "type": "github"
      },
      "original": {
        "owner": "hercules-ci",
        "repo": "flake-parts",
        "rev": "b253292d9c0a5ead9bc98c4e9a26c6312e27d69f",
        "type": "github"
      }
    },
    "flake-parts_2": {
      "inputs": {
        "nixpkgs-lib": [
          "neovim-nightly-overlay",
          "nixpkgs"
        ]
      },
      "locked": {
        "lastModified": 1722555600,
        "narHash": "sha256-XOQkdLafnb/p9ij77byFQjDf5m5QYl9b2REiVClC+x4=",
        "owner": "hercules-ci",
        "repo": "flake-parts",
        "rev": "8471fe90ad337a8074e957b69ca4d0089218391d",
        "type": "github"
      },
      "original": {
        "owner": "hercules-ci",
        "repo": "flake-parts",
        "type": "github"
      }
    },
    "flake-parts_3": {
      "inputs": {
        "nixpkgs-lib": [
          "neovim-nightly-overlay",
          "hercules-ci-effects",
          "nixpkgs"
        ]
      },
      "locked": {
        "lastModified": 1712014858,
        "narHash": "sha256-sB4SWl2lX95bExY2gMFG5HIzvva5AVMJd4Igm+GpZNw=",
        "owner": "hercules-ci",
        "repo": "flake-parts",
        "rev": "9126214d0a59633752a136528f5f3b9aa8565b7d",
        "type": "github"
      },
      "original": {
        "id": "flake-parts",
        "type": "indirect"
      }
    },
    "flake-utils": {
      "inputs": {
        "systems": "systems"
      },
      "locked": {
        "lastModified": 1710146030,
        "narHash": "sha256-SZ5L6eA7HJ/nmkzGG7/ISclqe6oZdOZTNoesiInkXPQ=",
        "owner": "numtide",
        "repo": "flake-utils",
        "rev": "b1d9ab70662946ef0850d488da1c9019f3a9752a",
        "type": "github"
      },
      "original": {
        "owner": "numtide",
        "repo": "flake-utils",
        "type": "github"
      }
    },
    "flake-utils_2": {
      "inputs": {
        "systems": "systems_2"
      },
      "locked": {
        "lastModified": 1694529238,
        "narHash": "sha256-zsNZZGTGnMOf9YpHKJqMSsa0dXbfmxeoJ7xHlrt+xmY=",
        "owner": "numtide",
        "repo": "flake-utils",
        "rev": "ff7b65b44d01cf9ba6a71320833626af21126384",
        "type": "github"
      },
      "original": {
        "owner": "numtide",
        "repo": "flake-utils",
        "type": "github"
      }
    },
    "flake-utils_3": {
      "locked": {
        "lastModified": 1659877975,
        "narHash": "sha256-zllb8aq3YO3h8B/U0/J1WBgAL8EX5yWf5pMj3G0NAmc=",
        "owner": "numtide",
        "repo": "flake-utils",
        "rev": "c0e246b9b83f637f4681389ecabcb2681b4f3af0",
        "type": "github"
      },
      "original": {
        "owner": "numtide",
        "repo": "flake-utils",
        "type": "github"
      }
    },
    "flake-utils_4": {
      "inputs": {
        "systems": "systems_3"
      },
      "locked": {
        "lastModified": 1710146030,
        "narHash": "sha256-SZ5L6eA7HJ/nmkzGG7/ISclqe6oZdOZTNoesiInkXPQ=",
        "owner": "numtide",
        "repo": "flake-utils",
        "rev": "b1d9ab70662946ef0850d488da1c9019f3a9752a",
        "type": "github"
      },
      "original": {
        "owner": "numtide",
        "repo": "flake-utils",
        "type": "github"
      }
    },
    "freetype2": {
      "flake": false,
      "locked": {
        "lastModified": 1687587065,
        "narHash": "sha256-+Fh+/k+NWL5Ow9sDLtp8Cv/8rLNA1oByQQCIQS/bysY=",
        "owner": "wez",
        "repo": "freetype2",
        "rev": "e4586d960f339cf75e2e0b34aee30a0ed8353c0d",
        "type": "github"
      },
      "original": {
        "owner": "wez",
        "repo": "freetype2",
        "rev": "e4586d960f339cf75e2e0b34aee30a0ed8353c0d",
        "type": "github"
      }
    },
    "git-hooks": {
      "inputs": {
        "flake-compat": "flake-compat_2",
        "gitignore": "gitignore",
        "nixpkgs": [
          "neovim-nightly-overlay",
          "nixpkgs"
        ],
        "nixpkgs-stable": [
          "neovim-nightly-overlay",
          "nixpkgs"
        ]
      },
      "locked": {
        "lastModified": 1724857454,
        "narHash": "sha256-Qyl9Q4QMTLZnnBb/8OuQ9LSkzWjBU1T5l5zIzTxkkhk=",
        "owner": "cachix",
        "repo": "git-hooks.nix",
        "rev": "4509ca64f1084e73bc7a721b20c669a8d4c5ebe6",
        "type": "github"
      },
      "original": {
        "owner": "cachix",
        "repo": "git-hooks.nix",
        "type": "github"
      }
    },
    "gitignore": {
      "inputs": {
        "nixpkgs": [
          "neovim-nightly-overlay",
          "git-hooks",
          "nixpkgs"
        ]
      },
      "locked": {
        "lastModified": 1709087332,
        "narHash": "sha256-HG2cCnktfHsKV0s4XW83gU3F57gaTljL9KNSuG6bnQs=",
        "owner": "hercules-ci",
        "repo": "gitignore.nix",
        "rev": "637db329424fd7e46cf4185293b9cc8c88c95394",
        "type": "github"
      },
      "original": {
        "owner": "hercules-ci",
        "repo": "gitignore.nix",
        "type": "github"
      }
    },
    "gomod2nix": {
      "inputs": {
        "flake-utils": "flake-utils_2",
        "nixpkgs": [
          "nixpkgs"
        ]
      },
      "locked": {
        "lastModified": 1722589758,
        "narHash": "sha256-sbbA8b6Q2vB/t/r1znHawoXLysCyD4L/6n6/RykiSnA=",
        "owner": "nix-community",
        "repo": "gomod2nix",
        "rev": "4e08ca09253ef996bd4c03afa383b23e35fe28a1",
        "type": "github"
      },
      "original": {
        "owner": "nix-community",
        "repo": "gomod2nix",
        "type": "github"
      }
    },
    "harfbuzz": {
      "flake": false,
      "locked": {
        "lastModified": 1711722720,
        "narHash": "sha256-GdxcAPx5QyniSHPAN1ih28AD9JLUPR0ItqW9JEsl3pU=",
        "owner": "harfbuzz",
        "repo": "harfbuzz",
        "rev": "63973005bc07aba599b47fdd4cf788647b601ccd",
        "type": "github"
      },
      "original": {
        "owner": "harfbuzz",
        "ref": "8.4.0",
        "repo": "harfbuzz",
        "type": "github"
      }
    },
    "hercules-ci-effects": {
      "inputs": {
        "flake-parts": "flake-parts_3",
        "nixpkgs": [
          "neovim-nightly-overlay",
          "nixpkgs"
        ]
      },
      "locked": {
        "lastModified": 1724947644,
        "narHash": "sha256-MHHrHasTngp7EYQOObHJ1a/IsRF+wodHqOckhH6uZbk=",
        "owner": "hercules-ci",
        "repo": "hercules-ci-effects",
        "rev": "dba4367b9a9d9615456c430a6d6af716f6e84cef",
        "type": "github"
      },
      "original": {
        "owner": "hercules-ci",
        "repo": "hercules-ci-effects",
        "type": "github"
      }
    },
    "home-manager": {
      "inputs": {
        "nixpkgs": [
          "nixpkgs"
        ]
      },
      "locked": {
        "lastModified": 1724435763,
        "narHash": "sha256-UNky3lJNGQtUEXT2OY8gMxejakSWPTfWKvpFkpFlAfM=",
        "owner": "nix-community",
        "repo": "home-manager",
        "rev": "c2cd2a52e02f1dfa1c88f95abeb89298d46023be",
        "type": "github"
      },
      "original": {
        "owner": "nix-community",
        "repo": "home-manager",
        "type": "github"
      }
    },
    "libpng": {
      "flake": false,
      "locked": {
        "lastModified": 1549245649,
        "narHash": "sha256-1+cRp0Ungme/OGfc9kGJbklYIWAFxk8Il1M+NV4KSgw=",
        "owner": "glennrp",
        "repo": "libpng",
        "rev": "8439534daa1d3a5705ba92e653eda9251246dd61",
        "type": "github"
      },
      "original": {
        "owner": "glennrp",
        "repo": "libpng",
        "rev": "8439534daa1d3a5705ba92e653eda9251246dd61",
        "type": "github"
      }
    },
    "neodev-nvim": {
      "flake": false,
      "locked": {
        "lastModified": 1720260306,
        "narHash": "sha256-hOjzlo/IqmV8tYjGwfmcCPEmHYsWnEIwtHZdhpwA1kM=",
        "owner": "folke",
        "repo": "neodev.nvim",
        "rev": "46aa467dca16cf3dfe27098042402066d2ae242d",
        "type": "github"
      },
      "original": {
        "owner": "folke",
        "repo": "neodev.nvim",
        "type": "github"
      }
    },
    "neovim-nightly-overlay": {
      "inputs": {
        "flake-compat": "flake-compat",
        "flake-parts": "flake-parts_2",
        "git-hooks": "git-hooks",
        "hercules-ci-effects": "hercules-ci-effects",
        "neovim-src": "neovim-src",
        "nixpkgs": "nixpkgs"
      },
      "locked": {
        "lastModified": 1724996444,
        "narHash": "sha256-bgDfNsVPleUyx6vNr5INJTLfkLycNmL3yvSBv1OguLs=",
        "owner": "nix-community",
        "repo": "neovim-nightly-overlay",
        "rev": "d0f68c980e3a0a3a8e63ccca93a01f87fb77937e",
        "type": "github"
      },
      "original": {
        "owner": "nix-community",
        "repo": "neovim-nightly-overlay",
        "type": "github"
      }
    },
    "neovim-src": {
      "flake": false,
      "locked": {
        "lastModified": 1724970905,
        "narHash": "sha256-6HqoxweeX3tQbchJpjUNiBKj/2P3oiQBR42B/QuB+a0=",
        "owner": "neovim",
        "repo": "neovim",
        "rev": "4353996d0fa8e5872a334d68196d8088391960cf",
        "type": "github"
      },
      "original": {
        "owner": "neovim",
        "repo": "neovim",
        "type": "github"
      }
    },
    "nix-darwin": {
      "inputs": {
        "nixpkgs": [
          "nixpkgs"
        ]
      },
      "locked": {
        "lastModified": 1724994893,
        "narHash": "sha256-yutISDGg6HUaZqCaa54EcsfTwew3vhNtt/FNXBBo44g=",
        "owner": "lnl7",
        "repo": "nix-darwin",
        "rev": "c8d3157d1f768e382de5526bb38e74d2245cad04",
        "type": "github"
      },
      "original": {
        "owner": "lnl7",
        "ref": "master",
        "repo": "nix-darwin",
        "type": "github"
      }
    },
    "nix-flatpak": {
      "locked": {
        "lastModified": 1711997201,
        "narHash": "sha256-J71xzQlVYsjagA4AsVwRazhBh2rZrPpKvxTgs6UzL7c=",
        "rev": "b76fa31346db7fc958a9898f3c594696ca71c4fd",
        "revCount": 61,
        "type": "tarball",
        "url": "https://api.flakehub.com/f/pinned/gmodena/nix-flatpak/0.4.1/018e9afd-cf1a-7341-9fd8-0ebea665be29/source.tar.gz"
      },
      "original": {
        "type": "tarball",
        "url": "https://flakehub.com/f/gmodena/nix-flatpak/%2A.tar.gz"
      }
    },
    "nix-index-database": {
      "inputs": {
        "nixpkgs": [
          "nixpkgs"
        ]
      },
      "locked": {
        "lastModified": 1724576102,
        "narHash": "sha256-uM7n5nNL6fmA0bwMJBNll11f4cMWOFa2Ni6F5KeIldM=",
        "owner": "Mic92",
        "repo": "nix-index-database",
        "rev": "e333d62b70b179da1dd78d94315e8a390f2d12e5",
        "type": "github"
      },
      "original": {
        "owner": "Mic92",
        "repo": "nix-index-database",
        "type": "github"
      }
    },
    "nix-xdg": {
      "flake": false,
      "locked": {
        "lastModified": 1512105841,
        "narHash": "sha256-QIumPb5uZk6R6WInPKMzBSCOD6k5REZmWIp1vYITNNo=",
        "owner": "infinisil",
        "repo": "nix-xdg",
        "rev": "230fb8ae96f6660e2c2990accdbbf1764942ff11",
        "type": "github"
      },
      "original": {
        "owner": "infinisil",
        "repo": "nix-xdg",
        "type": "github"
      }
    },
    "nixgl": {
      "inputs": {
        "flake-utils": "flake-utils_3",
        "nixpkgs": [
          "nixpkgs"
        ]
      },
      "locked": {
        "lastModified": 1713543440,
        "narHash": "sha256-lnzZQYG0+EXl/6NkGpyIz+FEOc/DSEG57AP1VsdeNrM=",
        "owner": "guibou",
        "repo": "nixGL",
        "rev": "310f8e49a149e4c9ea52f1adf70cdc768ec53f8a",
        "type": "github"
      },
      "original": {
        "owner": "guibou",
        "repo": "nixGL",
        "type": "github"
      }
    },
    "nixpkgs": {
      "locked": {
        "lastModified": 1724840184,
        "narHash": "sha256-RXftd9nVNpCKHEaiMhAWiZo3U/SEdRPF0zD7s7u50Oc=",
        "owner": "NixOS",
        "repo": "nixpkgs",
        "rev": "4f9cb71da3ec4f76fd406a0d87a1db491eda6870",
        "type": "github"
      },
      "original": {
        "owner": "NixOS",
        "ref": "nixpkgs-unstable",
        "repo": "nixpkgs",
        "type": "github"
      }
    },
    "nixpkgs-for-diffoscope": {
      "locked": {
        "lastModified": 1713596654,
        "narHash": "sha256-LJbHQQ5aX1LVth2ST+Kkse/DRzgxlVhTL1rxthvyhZc=",
        "owner": "nixos",
        "repo": "nixpkgs",
        "rev": "fd16bb6d3bcca96039b11aa52038fafeb6e4f4be",
        "type": "github"
      },
      "original": {
        "owner": "nixos",
        "repo": "nixpkgs",
        "rev": "fd16bb6d3bcca96039b11aa52038fafeb6e4f4be",
        "type": "github"
      }
    },
    "nixpkgs-for-wezterm-darwin": {
      "locked": {
        "lastModified": 1697730408,
        "narHash": "sha256-Ww//zzukdTrwTrCUkaJA/NsaLEfUfQpWZXBdXBYfhak=",
        "owner": "nixos",
        "repo": "nixpkgs",
        "rev": "ff0a5a776b56e0ca32d47a4a47695452ec7f7d80",
        "type": "github"
      },
      "original": {
        "owner": "nixos",
        "repo": "nixpkgs",
        "rev": "ff0a5a776b56e0ca32d47a4a47695452ec7f7d80",
        "type": "github"
      }
    },
    "nixpkgs-lib": {
      "locked": {
        "dir": "lib",
        "lastModified": 1706550542,
        "narHash": "sha256-UcsnCG6wx++23yeER4Hg18CXWbgNpqNXcHIo5/1Y+hc=",
        "owner": "NixOS",
        "repo": "nixpkgs",
        "rev": "97b17f32362e475016f942bbdfda4a4a72a8a652",
        "type": "github"
      },
      "original": {
        "dir": "lib",
        "owner": "NixOS",
        "ref": "nixos-unstable",
        "repo": "nixpkgs",
        "type": "github"
      }
    },
    "nixpkgs_2": {
      "locked": {
        "lastModified": 1725036679,
        "narHash": "sha256-Ri79ZOEcZJFLr6+LgS3A0WYyroL/PqEuO+lI7u+G2tE=",
        "owner": "nixos",
        "repo": "nixpkgs",
        "rev": "dac9db29e0e7ff2071ccc47b720aaffc3e74b504",
        "type": "github"
      },
      "original": {
        "owner": "nixos",
        "ref": "nixpkgs-unstable",
        "repo": "nixpkgs",
        "type": "github"
      }
    },
    "nixpkgs_3": {
      "locked": {
        "lastModified": 1721466660,
        "narHash": "sha256-pFSxgSZqZ3h+5Du0KvEL1ccDZBwu4zvOil1zzrPNb3c=",
        "owner": "NixOS",
        "repo": "nixpkgs",
        "rev": "6e14bbce7bea6c4efd7adfa88a40dac750d80100",
        "type": "github"
      },
      "original": {
        "owner": "NixOS",
        "ref": "nixpkgs-unstable",
        "repo": "nixpkgs",
        "type": "github"
      }
    },
    "root": {
      "inputs": {
        "fish-plugin-async-prompt": "fish-plugin-async-prompt",
        "fish-plugin-autopair-fish": "fish-plugin-autopair-fish",
        "fish-plugin-completion-sync": "fish-plugin-completion-sync",
        "fish-plugin-done": "fish-plugin-done",
        "flake-parts": "flake-parts",
        "flake-utils": "flake-utils",
        "gomod2nix": "gomod2nix",
        "home-manager": "home-manager",
        "neodev-nvim": "neodev-nvim",
        "neovim-nightly-overlay": "neovim-nightly-overlay",
        "nix-darwin": "nix-darwin",
        "nix-flatpak": "nix-flatpak",
        "nix-index-database": "nix-index-database",
        "nix-xdg": "nix-xdg",
        "nixgl": "nixgl",
        "nixpkgs": "nixpkgs_2",
        "nixpkgs-for-diffoscope": "nixpkgs-for-diffoscope",
        "nixpkgs-for-wezterm-darwin": "nixpkgs-for-wezterm-darwin",
        "spoons": "spoons",
        "stackline": "stackline",
        "vim-plugin-CamelCaseMotion": "vim-plugin-CamelCaseMotion",
        "vim-plugin-Navigator-nvim": "vim-plugin-Navigator-nvim",
        "vim-plugin-SchemaStore-nvim": "vim-plugin-SchemaStore-nvim",
        "vim-plugin-bullets-vim": "vim-plugin-bullets-vim",
        "vim-plugin-conform-nvim": "vim-plugin-conform-nvim",
        "vim-plugin-dial-nvim": "vim-plugin-dial-nvim",
        "vim-plugin-direnv-vim": "vim-plugin-direnv-vim",
        "vim-plugin-dressing-nvim": "vim-plugin-dressing-nvim",
        "vim-plugin-fidget-nvim": "vim-plugin-fidget-nvim",
        "vim-plugin-firenvim": "vim-plugin-firenvim",
        "vim-plugin-lazy-lsp-nvim": "vim-plugin-lazy-lsp-nvim",
        "vim-plugin-mini-nvim": "vim-plugin-mini-nvim",
        "vim-plugin-nvim-autopairs": "vim-plugin-nvim-autopairs",
        "vim-plugin-nvim-lightbulb": "vim-plugin-nvim-lightbulb",
        "vim-plugin-nvim-lspconfig": "vim-plugin-nvim-lspconfig",
        "vim-plugin-nvim-treesitter": "vim-plugin-nvim-treesitter",
        "vim-plugin-nvim-treesitter-context": "vim-plugin-nvim-treesitter-context",
        "vim-plugin-nvim-treesitter-endwise": "vim-plugin-nvim-treesitter-endwise",
        "vim-plugin-nvim-treesitter-textobjects": "vim-plugin-nvim-treesitter-textobjects",
        "vim-plugin-nvim-ts-autotag": "vim-plugin-nvim-ts-autotag",
        "vim-plugin-plenary-nvim": "vim-plugin-plenary-nvim",
        "vim-plugin-splitjoin-vim": "vim-plugin-splitjoin-vim",
        "vim-plugin-traces-vim": "vim-plugin-traces-vim",
        "vim-plugin-treesj": "vim-plugin-treesj",
        "vim-plugin-vim-abolish": "vim-plugin-vim-abolish",
        "vim-plugin-vim-caser": "vim-plugin-vim-caser",
        "vim-plugin-vim-indentwise": "vim-plugin-vim-indentwise",
        "vim-plugin-vim-matchup": "vim-plugin-vim-matchup",
        "vim-plugin-vim-nix": "vim-plugin-vim-nix",
        "vim-plugin-vim-plug": "vim-plugin-vim-plug",
        "vim-plugin-vim-repeat": "vim-plugin-vim-repeat",
        "vim-plugin-vim-signify": "vim-plugin-vim-signify",
        "vim-plugin-vim-sleuth": "vim-plugin-vim-sleuth",
        "vim-plugin-which-key-nvim": "vim-plugin-which-key-nvim",
        "wezterm": "wezterm"
      }
    },
    "rust-overlay": {
      "inputs": {
        "nixpkgs": [
          "wezterm",
          "nixpkgs"
        ]
      },
      "locked": {
        "lastModified": 1721441897,
        "narHash": "sha256-gYGX9/22tPNeF7dR6bWN5rsrpU4d06GnQNNgZ6ZiXz0=",
        "owner": "oxalica",
        "repo": "rust-overlay",
        "rev": "b7996075da11a2d441cfbf4e77c2939ce51506fd",
        "type": "github"
      },
      "original": {
        "owner": "oxalica",
        "repo": "rust-overlay",
        "type": "github"
      }
    },
    "spoons": {
      "flake": false,
      "locked": {
        "lastModified": 1723246395,
        "narHash": "sha256-StdD+r2Hg3H4uW38F+ar6FT0rhbzrmzvFbQiSS/906A=",
        "owner": "Hammerspoon",
        "repo": "Spoons",
        "rev": "b753f19a3318e2d5c9998c4c2d804d8bf1af1fb7",
        "type": "github"
      },
      "original": {
        "owner": "Hammerspoon",
        "repo": "Spoons",
        "type": "github"
      }
    },
    "stackline": {
      "flake": false,
      "locked": {
        "lastModified": 1669758007,
        "narHash": "sha256-x7SIgKR6rwkoVVbaAvjFr1N7wTF3atni/d6xGLBBRN4=",
        "owner": "AdamWagner",
        "repo": "stackline",
        "rev": "2aa0bd9a27f93bad24b0fd4da38f3c0356414098",
        "type": "github"
      },
      "original": {
        "owner": "AdamWagner",
        "repo": "stackline",
        "type": "github"
      }
    },
    "systems": {
      "locked": {
        "lastModified": 1681028828,
        "narHash": "sha256-Vy1rq5AaRuLzOxct8nz4T6wlgyUR7zLU309k9mBC768=",
        "owner": "nix-systems",
        "repo": "default",
        "rev": "da67096a3b9bf56a91d16901293e51ba5b49a27e",
        "type": "github"
      },
      "original": {
        "owner": "nix-systems",
        "repo": "default",
        "type": "github"
      }
    },
    "systems_2": {
      "locked": {
        "lastModified": 1681028828,
        "narHash": "sha256-Vy1rq5AaRuLzOxct8nz4T6wlgyUR7zLU309k9mBC768=",
        "owner": "nix-systems",
        "repo": "default",
        "rev": "da67096a3b9bf56a91d16901293e51ba5b49a27e",
        "type": "github"
      },
      "original": {
        "owner": "nix-systems",
        "repo": "default",
        "type": "github"
      }
    },
    "systems_3": {
      "locked": {
        "lastModified": 1681028828,
        "narHash": "sha256-Vy1rq5AaRuLzOxct8nz4T6wlgyUR7zLU309k9mBC768=",
        "owner": "nix-systems",
        "repo": "default",
        "rev": "da67096a3b9bf56a91d16901293e51ba5b49a27e",
        "type": "github"
      },
      "original": {
        "owner": "nix-systems",
        "repo": "default",
        "type": "github"
      }
    },
    "vim-plugin-CamelCaseMotion": {
      "flake": false,
      "locked": {
        "lastModified": 1575314139,
        "narHash": "sha256-yTDYruJB4vDOivfK9gFykXqUUa4M25JYXQp5mhpY2nk=",
        "owner": "bkad",
        "repo": "CamelCaseMotion",
        "rev": "de439d7c06cffd0839a29045a103fe4b44b15cdc",
        "type": "github"
      },
      "original": {
        "owner": "bkad",
        "repo": "CamelCaseMotion",
        "type": "github"
      }
    },
    "vim-plugin-Navigator-nvim": {
      "flake": false,
      "locked": {
        "lastModified": 1675344172,
        "narHash": "sha256-Oyuv8mLPiMEsZPRnIgEjBFYJjGEhMzg+gnNhSSRvGoo=",
        "owner": "numToStr",
        "repo": "Navigator.nvim",
        "rev": "91d86506ac2a039504d5205d32a1d4bc7aa57072",
        "type": "github"
      },
      "original": {
        "owner": "numToStr",
        "repo": "Navigator.nvim",
        "type": "github"
      }
    },
    "vim-plugin-SchemaStore-nvim": {
      "flake": false,
      "locked": {
        "lastModified": 1724940038,
        "narHash": "sha256-6kED/+EGfbeK6GZBtxoiOzUjR4m+crkkLRB/XbXCb7s=",
        "owner": "b0o",
        "repo": "SchemaStore.nvim",
        "rev": "6d3ba6ad250538446b2727e352e15a425d6692ef",
        "type": "github"
      },
      "original": {
        "owner": "b0o",
        "repo": "SchemaStore.nvim",
        "type": "github"
      }
    },
    "vim-plugin-bullets-vim": {
      "flake": false,
      "locked": {
        "lastModified": 1722735592,
        "narHash": "sha256-bPnLlaKphp9d25SoKdt1wFa+t51HYeZ3o5uc40keiHs=",
        "owner": "bullets-vim",
        "repo": "bullets.vim",
        "rev": "2253f970e54320dbd76fd6bb4f5a0bf2436ce232",
        "type": "github"
      },
      "original": {
        "owner": "bullets-vim",
        "repo": "bullets.vim",
        "type": "github"
      }
    },
    "vim-plugin-conform-nvim": {
      "flake": false,
      "locked": {
        "lastModified": 1725062118,
        "narHash": "sha256-2Axf/8l4LkjrsD1cRQ36rK6pJF5rz2Wb7tAdWSH0/4w=",
        "owner": "stevearc",
        "repo": "conform.nvim",
        "rev": "0ebe875d9c306f5fc829db38492ffff2a70d8e9d",
        "type": "github"
      },
      "original": {
        "owner": "stevearc",
        "repo": "conform.nvim",
        "type": "github"
      }
    },
    "vim-plugin-dial-nvim": {
      "flake": false,
      "locked": {
        "lastModified": 1721027830,
        "narHash": "sha256-tTrmSqLFvCOqItHsHqirj9iQevWCk+RNi4bE9iIaEJc=",
        "owner": "monaqa",
        "repo": "dial.nvim",
        "rev": "ed4d6a5bbd5e479b4c4a3019d148561a2e6c1490",
        "type": "github"
      },
      "original": {
        "owner": "monaqa",
        "repo": "dial.nvim",
        "type": "github"
      }
    },
    "vim-plugin-direnv-vim": {
      "flake": false,
      "locked": {
        "lastModified": 1701514458,
        "narHash": "sha256-Lwwm95UEkS8Q0Qsoh10o3sFn48wf7v7eCX/FJJV1HMI=",
        "owner": "direnv",
        "repo": "direnv.vim",
        "rev": "ab2a7e08dd630060cd81d7946739ac7442a4f269",
        "type": "github"
      },
      "original": {
        "owner": "direnv",
        "repo": "direnv.vim",
        "type": "github"
      }
    },
    "vim-plugin-dressing-nvim": {
      "flake": false,
      "locked": {
        "lastModified": 1723846795,
        "narHash": "sha256-6T2p0hI7/WqaDFQodaDq7uiyuplVqeekayQ2equ/mC0=",
        "owner": "stevearc",
        "repo": "dressing.nvim",
        "rev": "c5775a888adbc50652cb370073fcfec963eca93e",
        "type": "github"
      },
      "original": {
        "owner": "stevearc",
        "repo": "dressing.nvim",
        "type": "github"
      }
    },
    "vim-plugin-fidget-nvim": {
      "flake": false,
      "locked": {
        "lastModified": 1720885602,
        "narHash": "sha256-fjxdRN08BMU7jTWdhdzh8kW18ZURS9SJCwnTxuz6aFE=",
        "owner": "j-hui",
        "repo": "fidget.nvim",
        "rev": "d855eed8a06531a7e8fd0684889b2943f373c469",
        "type": "github"
      },
      "original": {
        "owner": "j-hui",
        "repo": "fidget.nvim",
        "type": "github"
      }
    },
    "vim-plugin-firenvim": {
      "flake": false,
      "locked": {
        "lastModified": 1722776181,
        "narHash": "sha256-Ayb9FyzC8iqH0XZ8Wvn2rhWysJ5+SwYJLh4mqTCFz20=",
        "owner": "glacambre",
        "repo": "firenvim",
        "rev": "bb70728c13c305ff35193586d5f6ce68668af063",
        "type": "github"
      },
      "original": {
        "owner": "glacambre",
        "repo": "firenvim",
        "type": "github"
      }
    },
    "vim-plugin-lazy-lsp-nvim": {
      "flake": false,
      "locked": {
        "lastModified": 1725027716,
        "narHash": "sha256-HTaa8je8WCah8roFNhxFfoH8CBr0A4RbcbWh1X1u4+w=",
        "owner": "dundalek",
        "repo": "lazy-lsp.nvim",
        "rev": "f463bd5b25acfc4f496a5c378155772a8abc55b9",
        "type": "github"
      },
      "original": {
        "owner": "dundalek",
        "repo": "lazy-lsp.nvim",
        "type": "github"
      }
    },
    "vim-plugin-mini-nvim": {
      "flake": false,
      "locked": {
        "lastModified": 1725022219,
        "narHash": "sha256-8rZZmvP4vfBNcYlwn+EWFsxDFCvDcVSsPRRvoDYUhrM=",
        "owner": "echasnovski",
        "repo": "mini.nvim",
        "rev": "08430e1ae29d54f2cb54a7d3f9062f2f2a0b4909",
        "type": "github"
      },
      "original": {
        "owner": "echasnovski",
        "repo": "mini.nvim",
        "type": "github"
      }
    },
    "vim-plugin-nvim-autopairs": {
      "flake": false,
      "locked": {
        "lastModified": 1724026689,
        "narHash": "sha256-e+67etOnK98WUVNy/NsMm51X2xLQMjGuQvp765o9PNA=",
        "owner": "windwp",
        "repo": "nvim-autopairs",
        "rev": "19606af7c039271d5aa96bceff101e7523af3136",
        "type": "github"
      },
      "original": {
        "owner": "windwp",
        "repo": "nvim-autopairs",
        "type": "github"
      }
    },
    "vim-plugin-nvim-lightbulb": {
      "flake": false,
      "locked": {
        "lastModified": 1723876123,
        "narHash": "sha256-1OKt0H0hmb7NAcr+l2+uXboKpm8KHdfnfvRG2n7WAfc=",
        "owner": "lvim-tech",
        "repo": "nvim-lightbulb",
        "rev": "5545d5c3375a6df4633002ddc1514a06522d1a95",
        "type": "github"
      },
      "original": {
        "owner": "lvim-tech",
        "repo": "nvim-lightbulb",
        "type": "github"
      }
    },
    "vim-plugin-nvim-lspconfig": {
      "flake": false,
      "locked": {
        "lastModified": 1725055479,
        "narHash": "sha256-ScIkXVAEA90hPH6PzJcdbBcUJj3kElHiXTO/H4Yoj8s=",
        "owner": "neovim",
        "repo": "nvim-lspconfig",
        "rev": "3ad562700d0615818bf358268ac8914f6ce2b079",
        "type": "github"
      },
      "original": {
        "owner": "neovim",
        "repo": "nvim-lspconfig",
        "type": "github"
      }
    },
    "vim-plugin-nvim-treesitter": {
      "flake": false,
      "locked": {
        "lastModified": 1725026227,
        "narHash": "sha256-KF9B3RFn0XVc+E8RySSPZNJzBCiDv7TP3MOJVFcArDQ=",
        "owner": "nvim-treesitter",
        "repo": "nvim-treesitter",
        "rev": "fd9663acca289598086b7c5a366be8b2fa5d7960",
        "type": "github"
      },
      "original": {
        "owner": "nvim-treesitter",
        "repo": "nvim-treesitter",
        "type": "github"
      }
    },
    "vim-plugin-nvim-treesitter-context": {
      "flake": false,
      "locked": {
        "lastModified": 1724995303,
        "narHash": "sha256-3PnE0LLbNCoSHcyO6oiLpxV/b7YF4yA9QSZ+kWgC+8A=",
        "owner": "nvim-treesitter",
        "repo": "nvim-treesitter-context",
        "rev": "0ec9a8e00cedfb52e3c2259b55f46a7c18fc2429",
        "type": "github"
      },
      "original": {
        "owner": "nvim-treesitter",
        "repo": "nvim-treesitter-context",
        "type": "github"
      }
    },
    "vim-plugin-nvim-treesitter-endwise": {
      "flake": false,
      "locked": {
        "lastModified": 1714489952,
        "narHash": "sha256-bmKTQbFhDZ/mvgFg+pGY+0ygXzhSckoS/ByWSKFvpWc=",
        "owner": "RRethy",
        "repo": "nvim-treesitter-endwise",
        "rev": "8b34305ffc28bd75a22f5a0a9928ee726a85c9a6",
        "type": "github"
      },
      "original": {
        "owner": "RRethy",
        "repo": "nvim-treesitter-endwise",
        "type": "github"
      }
    },
    "vim-plugin-nvim-treesitter-textobjects": {
      "flake": false,
      "locked": {
        "lastModified": 1724994459,
        "narHash": "sha256-k8awnw0QETnYzDH6JeGzmNx/kovFfprCYZm/ybULPtw=",
        "owner": "nvim-treesitter",
        "repo": "nvim-treesitter-textobjects",
        "rev": "3a3c6244553f13fdd92d312c82722b57ce6c4bec",
        "type": "github"
      },
      "original": {
        "owner": "nvim-treesitter",
        "repo": "nvim-treesitter-textobjects",
        "type": "github"
      }
    },
    "vim-plugin-nvim-ts-autotag": {
      "flake": false,
      "locked": {
        "lastModified": 1724798540,
        "narHash": "sha256-QEzUKvT+ChYSa9F4zg3Lw+7Sj0JzJem9nh2mWmS8Y+I=",
        "owner": "windwp",
        "repo": "nvim-ts-autotag",
        "rev": "e239a560f338be31337e7abc3ee42515daf23f5e",
        "type": "github"
      },
      "original": {
        "owner": "windwp",
        "repo": "nvim-ts-autotag",
        "type": "github"
      }
    },
    "vim-plugin-plenary-nvim": {
      "flake": false,
      "locked": {
        "lastModified": 1724044857,
        "narHash": "sha256-6Gm+4zZ80quI5iAW6qPAWTq9h1csPWkZFZ9KnFgYRM0=",
        "owner": "nvim-lua",
        "repo": "plenary.nvim",
        "rev": "ec289423a1693aeae6cd0d503bac2856af74edaa",
        "type": "github"
      },
      "original": {
        "owner": "nvim-lua",
        "repo": "plenary.nvim",
        "type": "github"
      }
    },
    "vim-plugin-splitjoin-vim": {
      "flake": false,
      "locked": {
        "lastModified": 1724048349,
        "narHash": "sha256-TTobphkSYeqxbfoFGxlq5ZPi0u/Q1+Zshk7jG6EhRO0=",
        "owner": "AndrewRadev",
        "repo": "splitjoin.vim",
        "rev": "f72d59c9f5d4c8b865e0abfeee98f85b47fe5a3a",
        "type": "github"
      },
      "original": {
        "owner": "AndrewRadev",
        "repo": "splitjoin.vim",
        "type": "github"
      }
    },
    "vim-plugin-traces-vim": {
      "flake": false,
      "locked": {
        "lastModified": 1649675031,
        "narHash": "sha256-rRR760ZtzNa9LukcKVrmpKFnj3CYGyXV9uFiRtkMlj8=",
        "owner": "markonm",
        "repo": "traces.vim",
        "rev": "9663fcf84de5776bee71b6c816c25ccb6ea11d1a",
        "type": "github"
      },
      "original": {
        "owner": "markonm",
        "repo": "traces.vim",
        "type": "github"
      }
    },
    "vim-plugin-treesj": {
      "flake": false,
      "locked": {
        "lastModified": 1722855074,
        "narHash": "sha256-uf7N2DI8comlOdRrimuwA7+cnKeL2RQSz0TFvTiUVmQ=",
        "owner": "Wansmer",
        "repo": "treesj",
        "rev": "0d81326b5afd36babe7dd480aabbb0b05f33e688",
        "type": "github"
      },
      "original": {
        "owner": "Wansmer",
        "repo": "treesj",
        "type": "github"
      }
    },
    "vim-plugin-vim-abolish": {
      "flake": false,
      "locked": {
        "lastModified": 1695997009,
        "narHash": "sha256-MFXQjLIY1WJ6bGuxRr7WiIcjK9lOlMsFDit0bRmYd/s=",
        "owner": "tpope",
        "repo": "vim-abolish",
        "rev": "dcbfe065297d31823561ba787f51056c147aa682",
        "type": "github"
      },
      "original": {
        "owner": "tpope",
        "repo": "vim-abolish",
        "type": "github"
      }
    },
    "vim-plugin-vim-caser": {
      "flake": false,
      "locked": {
        "lastModified": 1627424152,
        "narHash": "sha256-PXAY01O/cHvAdWx3V/pyWFeiV5qJGvLcAKhl5DQc0Ps=",
        "owner": "arthurxavierx",
        "repo": "vim-caser",
        "rev": "6bc9f41d170711c58e0157d882a5fe8c30f34bf6",
        "type": "github"
      },
      "original": {
        "owner": "arthurxavierx",
        "repo": "vim-caser",
        "type": "github"
      }
    },
    "vim-plugin-vim-indentwise": {
      "flake": false,
      "locked": {
        "lastModified": 1433719491,
        "narHash": "sha256-ne2r1RdQnHYQ3z3jcCTr85kUPu42oYEKZhGh6FSY3y4=",
        "owner": "jeetsukumaran",
        "repo": "vim-indentwise",
        "rev": "608bd6876d3b56d469e0e615eb774a6e06095dbf",
        "type": "github"
      },
      "original": {
        "owner": "jeetsukumaran",
        "repo": "vim-indentwise",
        "type": "github"
      }
    },
    "vim-plugin-vim-matchup": {
      "flake": false,
      "locked": {
        "lastModified": 1716950687,
        "narHash": "sha256-0w2IjpEM/+yvY6fRJfVkuCRYdcEVpLsVduDB+T13hG8=",
        "owner": "andymass",
        "repo": "vim-matchup",
        "rev": "1535a769d5dca851fe7d41b0be95f7c7203a4bef",
        "type": "github"
      },
      "original": {
        "owner": "andymass",
        "repo": "vim-matchup",
        "type": "github"
      }
    },
    "vim-plugin-vim-nix": {
      "flake": false,
      "locked": {
        "lastModified": 1708772165,
        "narHash": "sha256-2/9eyU+uUbcKiNcBDdgdxCBp1vNSP51U/0LTHihEYJY=",
        "owner": "LnL7",
        "repo": "vim-nix",
        "rev": "e25cd0f2e5922f1f4d3cd969f92e35a9a327ffb0",
        "type": "github"
      },
      "original": {
        "owner": "LnL7",
        "repo": "vim-nix",
        "type": "github"
      }
    },
    "vim-plugin-vim-plug": {
      "flake": false,
      "locked": {
        "lastModified": 1720523381,
        "narHash": "sha256-d8LZYiJzAOtWGIXUJ7788SnJj44nhdZB0mT5QW3itAY=",
        "owner": "junegunn",
        "repo": "vim-plug",
        "rev": "d80f495fabff8446972b8695ba251ca636a047b0",
        "type": "github"
      },
      "original": {
        "owner": "junegunn",
        "repo": "vim-plug",
        "type": "github"
      }
    },
    "vim-plugin-vim-repeat": {
      "flake": false,
      "locked": {
        "lastModified": 1720473942,
        "narHash": "sha256-G/dmkq1KtSHIl+I5p3LfO6mGPS3eyLRbEEsuLbTpGlk=",
        "owner": "tpope",
        "repo": "vim-repeat",
        "rev": "65846025c15494983dafe5e3b46c8f88ab2e9635",
        "type": "github"
      },
      "original": {
        "owner": "tpope",
        "repo": "vim-repeat",
        "type": "github"
      }
    },
    "vim-plugin-vim-signify": {
      "flake": false,
      "locked": {
        "lastModified": 1712285825,
        "narHash": "sha256-UJA+AO6yUGK9rP7oP/l52Z04VZym2lkDeY/qAEgr6nI=",
        "owner": "mhinz",
        "repo": "vim-signify",
        "rev": "8670143f9e12ed1cd3c9b2c54f345cdd9a4baac3",
        "type": "github"
      },
      "original": {
        "owner": "mhinz",
        "repo": "vim-signify",
        "type": "github"
      }
    },
    "vim-plugin-vim-sleuth": {
      "flake": false,
      "locked": {
        "lastModified": 1673378030,
        "narHash": "sha256-ClltfSVuoNoq5EiWRVBsGz1mrr7FbafGDdgsavLgFVE=",
        "owner": "tpope",
        "repo": "vim-sleuth",
        "rev": "1cc4557420f215d02c4d2645a748a816c220e99b",
        "type": "github"
      },
      "original": {
        "owner": "tpope",
        "repo": "vim-sleuth",
        "type": "github"
      }
    },
    "vim-plugin-which-key-nvim": {
      "flake": false,
      "locked": {
        "lastModified": 1721858377,
        "narHash": "sha256-nv9s4/ax2BoL9IQdk42uN7mxIVFYiTK+1FVvWDKRnGM=",
        "owner": "folke",
        "repo": "which-key.nvim",
        "rev": "6c1584eb76b55629702716995cca4ae2798a9cca",
        "type": "github"
      },
      "original": {
        "owner": "folke",
        "repo": "which-key.nvim",
        "type": "github"
      }
    },
    "wezterm": {
      "inputs": {
        "flake-utils": "flake-utils_4",
        "freetype2": "freetype2",
        "harfbuzz": "harfbuzz",
        "libpng": "libpng",
        "nixpkgs": "nixpkgs_3",
        "rust-overlay": "rust-overlay",
        "zlib": "zlib"
      },
      "locked": {
        "dir": "nix",
        "lastModified": 1723525023,
        "narHash": "sha256-ZsDJQSUokodwFMP4FIZm2dYojf5iC4F/EeKC5VuQlqY=",
        "owner": "wez",
        "repo": "wezterm",
        "rev": "30345b36d8a00fed347e4df5dadd83915a7693fb",
        "type": "github"
      },
      "original": {
        "dir": "nix",
        "owner": "wez",
        "repo": "wezterm",
        "type": "github"
      }
    },
    "zlib": {
      "flake": false,
      "locked": {
        "lastModified": 1484501380,
        "narHash": "sha256-j5b6aki1ztrzfCqu8y729sPar8GpyQWIrajdzpJC+ww=",
        "owner": "madler",
        "repo": "zlib",
        "rev": "cacf7f1d4e3d44d871b605da3b647f07d718623f",
        "type": "github"
      },
      "original": {
        "owner": "madler",
        "ref": "v1.2.11",
        "repo": "zlib",
        "type": "github"
      }
    }
  },
  "root": "root",
  "version": 7
}
