{
  "nodes": {
    "fish-plugin-async-prompt": {
      "flake": false,
      "locked": {
        "lastModified": 1677372971,
        "narHash": "sha256-YgqZINmY4nKphlqwHo2B0NfP4nmSxIIuAMUuoftI9Lg=",
        "owner": "acomagu",
        "repo": "fish-async-prompt",
        "rev": "4c732cc043b8dd04e64a169ec6bbf3a9b394819f",
        "type": "github"
      },
      "original": {
        "owner": "acomagu",
        "repo": "fish-async-prompt",
        "type": "github"
      }
    },
    "fish-plugin-autopair-fish": {
      "flake": false,
      "locked": {
        "lastModified": 1656950411,
        "narHash": "sha256-qt3t1iKRRNuiLWiVoiAYOu+9E7jsyECyIqZJ/oRIT1A=",
        "owner": "jorgebucaran",
        "repo": "autopair.fish",
        "rev": "4d1752ff5b39819ab58d7337c69220342e9de0e2",
        "type": "github"
      },
      "original": {
        "owner": "jorgebucaran",
        "repo": "autopair.fish",
        "type": "github"
      }
    },
    "flake-parts": {
      "inputs": {
        "nixpkgs-lib": "nixpkgs-lib"
      },
      "locked": {
        "lastModified": 1696343447,
        "narHash": "sha256-B2xAZKLkkeRFG5XcHHSXXcP7To9Xzr59KXeZiRf4vdQ=",
        "owner": "hercules-ci",
        "repo": "flake-parts",
        "rev": "c9afaba3dfa4085dbd2ccb38dfade5141e33d9d4",
        "type": "github"
      },
      "original": {
        "owner": "hercules-ci",
        "repo": "flake-parts",
        "type": "github"
      }
    },
    "flake-utils": {
      "inputs": {
        "systems": "systems"
      },
      "locked": {
        "lastModified": 1694529238,
        "narHash": "sha256-zsNZZGTGnMOf9YpHKJqMSsa0dXbfmxeoJ7xHlrt+xmY=",
        "owner": "numtide",
        "repo": "flake-utils",
        "rev": "ff7b65b44d01cf9ba6a71320833626af21126384",
        "type": "github"
      },
      "original": {
        "owner": "numtide",
        "repo": "flake-utils",
        "type": "github"
      }
    },
    "flake-utils_2": {
      "inputs": {
        "systems": "systems_2"
      },
      "locked": {
        "lastModified": 1694529238,
        "narHash": "sha256-zsNZZGTGnMOf9YpHKJqMSsa0dXbfmxeoJ7xHlrt+xmY=",
        "owner": "numtide",
        "repo": "flake-utils",
        "rev": "ff7b65b44d01cf9ba6a71320833626af21126384",
        "type": "github"
      },
      "original": {
        "owner": "numtide",
        "repo": "flake-utils",
        "type": "github"
      }
    },
    "flake-utils_3": {
      "inputs": {
        "systems": "systems_3"
      },
      "locked": {
        "lastModified": 1681202837,
        "narHash": "sha256-H+Rh19JDwRtpVPAWp64F+rlEtxUWBAQW28eAi3SRSzg=",
        "owner": "numtide",
        "repo": "flake-utils",
        "rev": "cfacdce06f30d2b68473a46042957675eebb3401",
        "type": "github"
      },
      "original": {
        "owner": "numtide",
        "repo": "flake-utils",
        "type": "github"
      }
    },
    "gomod2nix": {
      "inputs": {
        "flake-utils": "flake-utils_2",
        "nixpkgs": [
          "nixpkgs"
        ]
      },
      "locked": {
        "lastModified": 1694616124,
        "narHash": "sha256-c49BVhQKw3XDRgt+y+uPAbArtgUlMXCET6VxEBmzHXE=",
        "owner": "nix-community",
        "repo": "gomod2nix",
        "rev": "f95720e89af6165c8c0aa77f180461fe786f3c21",
        "type": "github"
      },
      "original": {
        "owner": "nix-community",
        "repo": "gomod2nix",
        "type": "github"
      }
    },
    "home-manager": {
      "inputs": {
        "nixpkgs": [
          "nixpkgs"
        ]
      },
      "locked": {
        "lastModified": 1696145345,
        "narHash": "sha256-3dM7I/d4751SLPJah0to1WBlWiyzIiuCEUwJqwBdmr4=",
        "owner": "nix-community",
        "repo": "home-manager",
        "rev": "6f9b5b83ad1f470b3d11b8a9fe1d5ef68c7d0e30",
        "type": "github"
      },
      "original": {
        "owner": "nix-community",
        "repo": "home-manager",
        "type": "github"
      }
    },
    "nix-darwin": {
      "inputs": {
        "nixpkgs": [
          "nixpkgs"
        ]
      },
      "locked": {
        "lastModified": 1696360011,
        "narHash": "sha256-HpPv27qMuPou4acXcZ8Klm7Zt0Elv9dgDvSJaomWb9Y=",
        "owner": "lnl7",
        "repo": "nix-darwin",
        "rev": "8b6ea26d5d2e8359d06278364f41fbc4b903b28a",
        "type": "github"
      },
      "original": {
        "owner": "lnl7",
        "ref": "master",
        "repo": "nix-darwin",
        "type": "github"
      }
    },
    "nix-index-database": {
      "inputs": {
        "nixpkgs": [
          "nixpkgs"
        ]
      },
      "locked": {
        "lastModified": 1696131323,
        "narHash": "sha256-Y47r8Jo+9rs+XUWHcDPZtkQs6wFeZ24L4CQTfVwE+vY=",
        "owner": "Mic92",
        "repo": "nix-index-database",
        "rev": "031d4b22505fdea47bd53bfafad517cd03c26a4f",
        "type": "github"
      },
      "original": {
        "owner": "Mic92",
        "repo": "nix-index-database",
        "type": "github"
      }
    },
    "nix-xdg": {
      "flake": false,
      "locked": {
        "lastModified": 1512105841,
        "narHash": "sha256-QIumPb5uZk6R6WInPKMzBSCOD6k5REZmWIp1vYITNNo=",
        "owner": "infinisil",
        "repo": "nix-xdg",
        "rev": "230fb8ae96f6660e2c2990accdbbf1764942ff11",
        "type": "github"
      },
      "original": {
        "owner": "infinisil",
        "repo": "nix-xdg",
        "type": "github"
      }
    },
    "nixpkgs": {
      "locked": {
        "lastModified": 1696261572,
        "narHash": "sha256-s8TtSYJ1LBpuITXjbPLUPyxzAKw35LhETcajJjCS5f0=",
        "owner": "nixos",
        "repo": "nixpkgs",
        "rev": "0c7ffbc66e6d78c50c38e717ec91a2a14e0622fb",
        "type": "github"
      },
      "original": {
        "owner": "nixos",
        "ref": "nixpkgs-unstable",
        "repo": "nixpkgs",
        "type": "github"
      }
    },
    "nixpkgs-lib": {
      "locked": {
        "dir": "lib",
        "lastModified": 1696019113,
        "narHash": "sha256-X3+DKYWJm93DRSdC5M6K5hLqzSya9BjibtBsuARoPco=",
        "owner": "NixOS",
        "repo": "nixpkgs",
        "rev": "f5892ddac112a1e9b3612c39af1b72987ee5783a",
        "type": "github"
      },
      "original": {
        "dir": "lib",
        "owner": "NixOS",
        "ref": "nixos-unstable",
        "repo": "nixpkgs",
        "type": "github"
      }
    },
    "root": {
      "inputs": {
        "fish-plugin-async-prompt": "fish-plugin-async-prompt",
        "fish-plugin-autopair-fish": "fish-plugin-autopair-fish",
        "flake-parts": "flake-parts",
        "flake-utils": "flake-utils",
        "gomod2nix": "gomod2nix",
        "home-manager": "home-manager",
        "nix-darwin": "nix-darwin",
        "nix-index-database": "nix-index-database",
        "nix-xdg": "nix-xdg",
        "nixpkgs": "nixpkgs",
        "speakers": "speakers",
        "spoons": "spoons",
        "stackline": "stackline",
        "tmux-plugin-resurrect": "tmux-plugin-resurrect",
        "tmux-plugin-tmux-suspend": "tmux-plugin-tmux-suspend",
        "vim-plugin-CamelCaseMotion": "vim-plugin-CamelCaseMotion",
        "vim-plugin-LuaSnip": "vim-plugin-LuaSnip",
        "vim-plugin-SchemaStore-nvim": "vim-plugin-SchemaStore-nvim",
        "vim-plugin-bufferline-nvim": "vim-plugin-bufferline-nvim",
        "vim-plugin-cmp-buffer": "vim-plugin-cmp-buffer",
        "vim-plugin-cmp-cmdline": "vim-plugin-cmp-cmdline",
        "vim-plugin-cmp-cmdline-history": "vim-plugin-cmp-cmdline-history",
        "vim-plugin-cmp-env": "vim-plugin-cmp-env",
        "vim-plugin-cmp-nvim-lsp": "vim-plugin-cmp-nvim-lsp",
        "vim-plugin-cmp-nvim-lsp-signature-help": "vim-plugin-cmp-nvim-lsp-signature-help",
        "vim-plugin-cmp-omni": "vim-plugin-cmp-omni",
        "vim-plugin-cmp-path": "vim-plugin-cmp-path",
        "vim-plugin-cmp-tmux": "vim-plugin-cmp-tmux",
        "vim-plugin-cmp_luasnip": "vim-plugin-cmp_luasnip",
        "vim-plugin-czs-nvim": "vim-plugin-czs-nvim",
        "vim-plugin-dial-nvim": "vim-plugin-dial-nvim",
        "vim-plugin-dressing-nvim": "vim-plugin-dressing-nvim",
        "vim-plugin-fidget-nvim": "vim-plugin-fidget-nvim",
        "vim-plugin-firenvim": "vim-plugin-firenvim",
        "vim-plugin-folding-nvim": "vim-plugin-folding-nvim",
        "vim-plugin-friendly-snippets": "vim-plugin-friendly-snippets",
        "vim-plugin-mason-lspconfig-nvim": "vim-plugin-mason-lspconfig-nvim",
        "vim-plugin-mason-nvim": "vim-plugin-mason-nvim",
        "vim-plugin-null-ls-nvim": "vim-plugin-null-ls-nvim",
        "vim-plugin-nvim-autopairs": "vim-plugin-nvim-autopairs",
        "vim-plugin-nvim-cmp": "vim-plugin-nvim-cmp",
        "vim-plugin-nvim-comment": "vim-plugin-nvim-comment",
        "vim-plugin-nvim-lastplace": "vim-plugin-nvim-lastplace",
        "vim-plugin-nvim-lightbulb": "vim-plugin-nvim-lightbulb",
        "vim-plugin-nvim-lspconfig": "vim-plugin-nvim-lspconfig",
        "vim-plugin-nvim-notify": "vim-plugin-nvim-notify",
        "vim-plugin-nvim-osc52": "vim-plugin-nvim-osc52",
        "vim-plugin-nvim-surround": "vim-plugin-nvim-surround",
        "vim-plugin-nvim-tree-lua": "vim-plugin-nvim-tree-lua",
        "vim-plugin-nvim-treesitter-endwise": "vim-plugin-nvim-treesitter-endwise",
        "vim-plugin-nvim-ts-autotag": "vim-plugin-nvim-ts-autotag",
        "vim-plugin-nvim-ts-context-commentstring": "vim-plugin-nvim-ts-context-commentstring",
        "vim-plugin-plenary-nvim": "vim-plugin-plenary-nvim",
        "vim-plugin-targets-vim": "vim-plugin-targets-vim",
        "vim-plugin-telescope-nvim": "vim-plugin-telescope-nvim",
        "vim-plugin-traces-vim": "vim-plugin-traces-vim",
        "vim-plugin-vim": "vim-plugin-vim",
        "vim-plugin-vim-CursorLineCurrentWindow": "vim-plugin-vim-CursorLineCurrentWindow",
        "vim-plugin-vim-abolish": "vim-plugin-vim-abolish",
        "vim-plugin-vim-caser": "vim-plugin-vim-caser",
        "vim-plugin-vim-exchange": "vim-plugin-vim-exchange",
        "vim-plugin-vim-fish": "vim-plugin-vim-fish",
        "vim-plugin-vim-indent-object": "vim-plugin-vim-indent-object",
        "vim-plugin-vim-indentwise": "vim-plugin-vim-indentwise",
        "vim-plugin-vim-matchup": "vim-plugin-vim-matchup",
        "vim-plugin-vim-plug": "vim-plugin-vim-plug",
        "vim-plugin-vim-repeat": "vim-plugin-vim-repeat",
        "vim-plugin-vim-signify": "vim-plugin-vim-signify",
        "vim-plugin-vim-sleuth": "vim-plugin-vim-sleuth",
        "vim-plugin-vim-tmux-navigator": "vim-plugin-vim-tmux-navigator",
        "vim-plugin-virt-column-nvim": "vim-plugin-virt-column-nvim",
        "vim-plugin-which-key-nvim": "vim-plugin-which-key-nvim"
      }
    },
    "speakers": {
      "inputs": {
        "flake-utils": "flake-utils_3",
        "nixpkgs": [
          "nixpkgs"
        ]
      },
      "locked": {
        "lastModified": 1,
        "narHash": "sha256-FuI4Ag2p31xuxnX1Aw9i2R2M2ImiRA4pL3kf9Ni83A8=",
        "path": "/nix/store/bmn7lr91xdr45mnhnng86nhrnvbj2b5b-source/dotfiles/smart_plug",
        "type": "path"
      },
      "original": {
        "path": "/nix/store/bmn7lr91xdr45mnhnng86nhrnvbj2b5b-source/dotfiles/smart_plug",
        "type": "path"
      }
    },
    "spoons": {
      "flake": false,
      "locked": {
        "lastModified": 1689613198,
        "narHash": "sha256-L9uaTX3xKZgEoWKUhzJk2pn9wJh764KkxDtJDmv/yeY=",
        "owner": "Hammerspoon",
        "repo": "Spoons",
        "rev": "5de05501a0bf8a691756e10469c190dce4f7c34e",
        "type": "github"
      },
      "original": {
        "owner": "Hammerspoon",
        "repo": "Spoons",
        "type": "github"
      }
    },
    "stackline": {
      "flake": false,
      "locked": {
        "lastModified": 1669758007,
        "narHash": "sha256-x7SIgKR6rwkoVVbaAvjFr1N7wTF3atni/d6xGLBBRN4=",
        "owner": "AdamWagner",
        "repo": "stackline",
        "rev": "2aa0bd9a27f93bad24b0fd4da38f3c0356414098",
        "type": "github"
      },
      "original": {
        "owner": "AdamWagner",
        "repo": "stackline",
        "type": "github"
      }
    },
    "systems": {
      "locked": {
        "lastModified": 1681028828,
        "narHash": "sha256-Vy1rq5AaRuLzOxct8nz4T6wlgyUR7zLU309k9mBC768=",
        "owner": "nix-systems",
        "repo": "default",
        "rev": "da67096a3b9bf56a91d16901293e51ba5b49a27e",
        "type": "github"
      },
      "original": {
        "owner": "nix-systems",
        "repo": "default",
        "type": "github"
      }
    },
    "systems_2": {
      "locked": {
        "lastModified": 1681028828,
        "narHash": "sha256-Vy1rq5AaRuLzOxct8nz4T6wlgyUR7zLU309k9mBC768=",
        "owner": "nix-systems",
        "repo": "default",
        "rev": "da67096a3b9bf56a91d16901293e51ba5b49a27e",
        "type": "github"
      },
      "original": {
        "owner": "nix-systems",
        "repo": "default",
        "type": "github"
      }
    },
    "systems_3": {
      "locked": {
        "lastModified": 1681028828,
        "narHash": "sha256-Vy1rq5AaRuLzOxct8nz4T6wlgyUR7zLU309k9mBC768=",
        "owner": "nix-systems",
        "repo": "default",
        "rev": "da67096a3b9bf56a91d16901293e51ba5b49a27e",
        "type": "github"
      },
      "original": {
        "owner": "nix-systems",
        "repo": "default",
        "type": "github"
      }
    },
    "tmux-plugin-resurrect": {
      "flake": false,
      "locked": {
        "lastModified": 1678098022,
        "narHash": "sha256-FcSjYyWjXM1B+WmiK2bqUNJYtH7sJBUsY2IjSur5TjY=",
        "owner": "tmux-plugins",
        "repo": "tmux-resurrect",
        "rev": "cff343cf9e81983d3da0c8562b01616f12e8d548",
        "type": "github"
      },
      "original": {
        "owner": "tmux-plugins",
        "repo": "tmux-resurrect",
        "type": "github"
      }
    },
    "tmux-plugin-tmux-suspend": {
      "flake": false,
      "locked": {
        "lastModified": 1673761096,
        "narHash": "sha256-+1fKkwDmr5iqro0XeL8gkjOGGB/YHBD25NG+w3iW+0g=",
        "owner": "MunifTanjim",
        "repo": "tmux-suspend",
        "rev": "1a2f806666e0bfed37535372279fa00d27d50d14",
        "type": "github"
      },
      "original": {
        "owner": "MunifTanjim",
        "repo": "tmux-suspend",
        "type": "github"
      }
    },
    "vim-plugin-CamelCaseMotion": {
      "flake": false,
      "locked": {
        "lastModified": 1575314139,
        "narHash": "sha256-yTDYruJB4vDOivfK9gFykXqUUa4M25JYXQp5mhpY2nk=",
        "owner": "bkad",
        "repo": "CamelCaseMotion",
        "rev": "de439d7c06cffd0839a29045a103fe4b44b15cdc",
        "type": "github"
      },
      "original": {
        "owner": "bkad",
        "repo": "CamelCaseMotion",
        "type": "github"
      }
    },
    "vim-plugin-LuaSnip": {
      "flake": false,
      "locked": {
        "lastModified": 1697099583,
        "narHash": "sha256-rC06k1eWk8YTNcYUr15kkop+D77eGXgeQwyLE5+/Ma4=",
        "owner": "L3MON4D3",
        "repo": "LuaSnip",
        "rev": "0df29db3543837f8b41597f2640397c5ec792b7b",
        "type": "github"
      },
      "original": {
        "owner": "L3MON4D3",
        "repo": "LuaSnip",
        "type": "github"
      }
    },
    "vim-plugin-SchemaStore-nvim": {
      "flake": false,
      "locked": {
        "lastModified": 1697176859,
        "narHash": "sha256-BPvrkk5HjNGs/sJrWTPjM0n6HLpwkxmixnnLFTSwd1M=",
        "owner": "b0o",
        "repo": "SchemaStore.nvim",
        "rev": "f3c4985093716c8ddf93731609ebfc1df7c5335d",
        "type": "github"
      },
      "original": {
        "owner": "b0o",
        "repo": "SchemaStore.nvim",
        "type": "github"
      }
    },
    "vim-plugin-bufferline-nvim": {
      "flake": false,
      "locked": {
        "lastModified": 1696244794,
        "narHash": "sha256-Soi4os5X8bdDcMY82lqI0nl3+eipvzLeJPhDX6FeKVk=",
        "owner": "akinsho",
        "repo": "bufferline.nvim",
        "rev": "357cc8f8eeb64702e6fcf2995e3b9becee99a5d3",
        "type": "github"
      },
      "original": {
        "owner": "akinsho",
        "repo": "bufferline.nvim",
        "type": "github"
      }
    },
    "vim-plugin-cmp-buffer": {
      "flake": false,
      "locked": {
        "lastModified": 1660101488,
        "narHash": "sha256-dG4U7MtnXThoa/PD+qFtCt76MQ14V1wX8GMYcvxEnbM=",
        "owner": "hrsh7th",
        "repo": "cmp-buffer",
        "rev": "3022dbc9166796b644a841a02de8dd1cc1d311fa",
        "type": "github"
      },
      "original": {
        "owner": "hrsh7th",
        "repo": "cmp-buffer",
        "type": "github"
      }
    },
    "vim-plugin-cmp-cmdline": {
      "flake": false,
      "locked": {
        "lastModified": 1686243464,
        "narHash": "sha256-W8v/XhPjbvKSwCrfOAPihO2N9PEVnH5Cp/Fa25lNRw4=",
        "owner": "hrsh7th",
        "repo": "cmp-cmdline",
        "rev": "8ee981b4a91f536f52add291594e89fb6645e451",
        "type": "github"
      },
      "original": {
        "owner": "hrsh7th",
        "repo": "cmp-cmdline",
        "type": "github"
      }
    },
    "vim-plugin-cmp-cmdline-history": {
      "flake": false,
      "locked": {
        "lastModified": 1651653950,
        "narHash": "sha256-IcruTOCNxYKmbo0St1U+CmrDStASPLe+rTLNU6/2Xew=",
        "owner": "dmitmel",
        "repo": "cmp-cmdline-history",
        "rev": "003573b72d4635ce636234a826fa8c4ba2895ffe",
        "type": "github"
      },
      "original": {
        "owner": "dmitmel",
        "repo": "cmp-cmdline-history",
        "type": "github"
      }
    },
    "vim-plugin-cmp-env": {
      "flake": false,
      "locked": {
        "lastModified": 1666605168,
        "narHash": "sha256-zgxqKYs/l/C6B8gv0iswmdHFl4NuvgX2sYTQxQwvecY=",
        "owner": "bydlw98",
        "repo": "cmp-env",
        "rev": "d27a9579e7846b0d30f247a3d6bc730819e702bb",
        "type": "github"
      },
      "original": {
        "owner": "bydlw98",
        "repo": "cmp-env",
        "type": "github"
      }
    },
    "vim-plugin-cmp-nvim-lsp": {
      "flake": false,
      "locked": {
        "lastModified": 1687494203,
        "narHash": "sha256-mU0soCz79erJXMMqD/FyrJZ0mu2n6fE0deymPzQlxts=",
        "owner": "hrsh7th",
        "repo": "cmp-nvim-lsp",
        "rev": "44b16d11215dce86f253ce0c30949813c0a90765",
        "type": "github"
      },
      "original": {
        "owner": "hrsh7th",
        "repo": "cmp-nvim-lsp",
        "type": "github"
      }
    },
    "vim-plugin-cmp-nvim-lsp-signature-help": {
      "flake": false,
      "locked": {
        "lastModified": 1675422985,
        "narHash": "sha256-yDxYvjTIeXIKYR3tg+bf+okXKr5JYc/I9obP+6uKey4=",
        "owner": "hrsh7th",
        "repo": "cmp-nvim-lsp-signature-help",
        "rev": "3d8912ebeb56e5ae08ef0906e3a54de1c66b92f1",
        "type": "github"
      },
      "original": {
        "owner": "hrsh7th",
        "repo": "cmp-nvim-lsp-signature-help",
        "type": "github"
      }
    },
    "vim-plugin-cmp-omni": {
      "flake": false,
      "locked": {
        "lastModified": 1695551166,
        "narHash": "sha256-PyCZGb+54l9nLR0fXM2QXACGt25nH0IlucbTXIgbJp0=",
        "owner": "hrsh7th",
        "repo": "cmp-omni",
        "rev": "4ef610bbd85a5ee4e97e09450c0daecbdc60de86",
        "type": "github"
      },
      "original": {
        "owner": "hrsh7th",
        "repo": "cmp-omni",
        "type": "github"
      }
    },
    "vim-plugin-cmp-path": {
      "flake": false,
      "locked": {
        "lastModified": 1664784283,
        "narHash": "sha256-thppiiV3wjIaZnAXmsh7j3DUc6ceSCvGzviwFUnoPaI=",
        "owner": "hrsh7th",
        "repo": "cmp-path",
        "rev": "91ff86cd9c29299a64f968ebb45846c485725f23",
        "type": "github"
      },
      "original": {
        "owner": "hrsh7th",
        "repo": "cmp-path",
        "type": "github"
      }
    },
    "vim-plugin-cmp-tmux": {
      "flake": false,
      "locked": {
        "lastModified": 1693653333,
        "narHash": "sha256-bg8TAcXJsPxLBACf6yBej1LKslqjQ1Xf2LNyGJbPPik=",
        "owner": "andersevenrud",
        "repo": "cmp-tmux",
        "rev": "97ec06b8030b8bf6d1fd83d49bdd16c98e04c845",
        "type": "github"
      },
      "original": {
        "owner": "andersevenrud",
        "repo": "cmp-tmux",
        "type": "github"
      }
    },
    "vim-plugin-cmp_luasnip": {
      "flake": false,
      "locked": {
        "lastModified": 1696878902,
        "narHash": "sha256-nUJJl2zyK/oSwz5RzI9j3gf9zpDfCImCYbPbVsyXgz8=",
        "owner": "saadparwaiz1",
        "repo": "cmp_luasnip",
        "rev": "05a9ab28b53f71d1aece421ef32fee2cb857a843",
        "type": "github"
      },
      "original": {
        "owner": "saadparwaiz1",
        "repo": "cmp_luasnip",
        "type": "github"
      }
    },
    "vim-plugin-czs-nvim": {
      "flake": false,
      "locked": {
        "lastModified": 1673541598,
        "narHash": "sha256-n6ajxLE9ONnar7fJb0BsqYuCv/3TuUpSKTjAHfWuExE=",
        "owner": "oncomouse",
        "repo": "czs.nvim",
        "rev": "d74dd1fa7b6953055de939267eb0e21eb2147d95",
        "type": "github"
      },
      "original": {
        "owner": "oncomouse",
        "repo": "czs.nvim",
        "type": "github"
      }
    },
    "vim-plugin-dial-nvim": {
      "flake": false,
      "locked": {
        "lastModified": 1696545930,
        "narHash": "sha256-t8zdHAX1+8UcQVDFQN+ZnbEHCmwrfh+v56doPsWrD8Y=",
        "owner": "monaqa",
        "repo": "dial.nvim",
        "rev": "019bbe9daea397c93a99adc747f8f071379fee5c",
        "type": "github"
      },
      "original": {
        "owner": "monaqa",
        "repo": "dial.nvim",
        "type": "github"
      }
    },
    "vim-plugin-dressing-nvim": {
      "flake": false,
      "locked": {
        "lastModified": 1696994813,
        "narHash": "sha256-Tib3SZ88e15svL89me3tlTbUc8UcNY1jwLcr49FpRqc=",
        "owner": "stevearc",
        "repo": "dressing.nvim",
        "rev": "1f2d1206a03bd3add8aedf6251e4534611de577f",
        "type": "github"
      },
      "original": {
        "owner": "stevearc",
        "repo": "dressing.nvim",
        "type": "github"
      }
    },
    "vim-plugin-fidget-nvim": {
      "flake": false,
      "locked": {
        "lastModified": 1689723284,
        "narHash": "sha256-gmpRk1b/fpNRPUPBA9UnYbmiGRoW5otzW9Nfcfvju74=",
        "owner": "j-hui",
        "repo": "fidget.nvim",
        "rev": "89b633f3bd0b7187f070236b348697de176860e2",
        "type": "github"
      },
      "original": {
        "owner": "j-hui",
        "repo": "fidget.nvim",
        "type": "github"
      }
    },
    "vim-plugin-firenvim": {
      "flake": false,
      "locked": {
        "lastModified": 1692332191,
        "narHash": "sha256-h7G0/4uwn4+8zYbx5qcz4RY3Z3Ly8v81dhuFg7Sj3CI=",
        "owner": "glacambre",
        "repo": "firenvim",
        "rev": "138424db463e6c0e862a05166a4ccc781cd7c19d",
        "type": "github"
      },
      "original": {
        "owner": "glacambre",
        "repo": "firenvim",
        "type": "github"
      }
    },
    "vim-plugin-folding-nvim": {
      "flake": false,
      "locked": {
        "lastModified": 1645291707,
        "narHash": "sha256-LitLBBdGGJltivCRE3Rc33KwM7fs1uqB6+gCXGogw3A=",
        "owner": "pierreglaser",
        "repo": "folding-nvim",
        "rev": "5d2b3d98c47c8c16aade06ebfd411bc74ad6d205",
        "type": "github"
      },
      "original": {
        "owner": "pierreglaser",
        "repo": "folding-nvim",
        "type": "github"
      }
    },
    "vim-plugin-friendly-snippets": {
      "flake": false,
      "locked": {
        "lastModified": 1696135576,
        "narHash": "sha256-qKY2UEUToOLkAgTNvKb7SSstOX/KydkIUiqFZN8JU+o=",
        "owner": "rafamadriz",
        "repo": "friendly-snippets",
        "rev": "43727c2ff84240e55d4069ec3e6158d74cb534b6",
        "type": "github"
      },
      "original": {
        "owner": "rafamadriz",
        "repo": "friendly-snippets",
        "type": "github"
      }
    },
    "vim-plugin-mason-lspconfig-nvim": {
      "flake": false,
      "locked": {
        "lastModified": 1697048389,
        "narHash": "sha256-DPXp1LNj+vQFhkiqwDI5U3Kwj4JcTUKskv24t6N9dT0=",
        "owner": "williamboman",
        "repo": "mason-lspconfig.nvim",
        "rev": "397273083f988c1a17acf3816947cd198338e700",
        "type": "github"
      },
      "original": {
        "owner": "williamboman",
        "repo": "mason-lspconfig.nvim",
        "type": "github"
      }
    },
    "vim-plugin-mason-nvim": {
      "flake": false,
      "locked": {
        "lastModified": 1696939520,
        "narHash": "sha256-SWOl2FfpDw9FZ6tHNgRz0MBK9XBhEPhWkgf9feQuISk=",
        "owner": "williamboman",
        "repo": "mason.nvim",
        "rev": "cd7835b15f5a4204fc37e0aa739347472121a54c",
        "type": "github"
      },
      "original": {
        "owner": "williamboman",
        "repo": "mason.nvim",
        "type": "github"
      }
    },
    "vim-plugin-null-ls-nvim": {
      "flake": false,
      "locked": {
        "lastModified": 1691810493,
        "narHash": "sha256-cWA0rzkOp/ekVKaFee7iea1lhnqKtWUIU+fW5M950wI=",
        "owner": "jose-elias-alvarez",
        "repo": "null-ls.nvim",
        "rev": "0010ea927ab7c09ef0ce9bf28c2b573fc302f5a7",
        "type": "github"
      },
      "original": {
        "owner": "jose-elias-alvarez",
        "repo": "null-ls.nvim",
        "type": "github"
      }
    },
    "vim-plugin-nvim-autopairs": {
      "flake": false,
      "locked": {
        "lastModified": 1696682082,
        "narHash": "sha256-3LLDXLxE8ezfOaC2zinX+xxA0uootdnaC88pOIksDoY=",
        "owner": "windwp",
        "repo": "nvim-autopairs",
        "rev": "748e72c05495a3d30e88a6ef04b21697019a9aa9",
        "type": "github"
      },
      "original": {
        "owner": "windwp",
        "repo": "nvim-autopairs",
        "type": "github"
      }
    },
    "vim-plugin-nvim-cmp": {
      "flake": false,
      "locked": {
        "lastModified": 1693063902,
        "narHash": "sha256-WGck3By9GhnBUmzLGi2wnKjDreQx5kBOmHCbC5BZhfo=",
        "owner": "hrsh7th",
        "repo": "nvim-cmp",
        "rev": "5dce1b778b85c717f6614e3f4da45e9f19f54435",
        "type": "github"
      },
      "original": {
        "owner": "hrsh7th",
        "repo": "nvim-cmp",
        "type": "github"
      }
    },
    "vim-plugin-nvim-comment": {
      "flake": false,
      "locked": {
        "lastModified": 1660082200,
        "narHash": "sha256-O2jhrjXxKaWHMfm3YJ9+92Onm0niEHfUp5kOh2gETuc=",
        "owner": "terrortylor",
        "repo": "nvim-comment",
        "rev": "e9ac16ab056695cad6461173693069ec070d2b23",
        "type": "github"
      },
      "original": {
        "owner": "terrortylor",
        "repo": "nvim-comment",
        "type": "github"
      }
    },
    "vim-plugin-nvim-lastplace": {
      "flake": false,
      "locked": {
        "lastModified": 1690473226,
        "narHash": "sha256-jmF06Cl1ieYXKTnW9pWdQH4IJGicvSVJAR7ppju9qyg=",
        "owner": "ethanholz",
        "repo": "nvim-lastplace",
        "rev": "0bb6103c506315044872e0f84b1f736c4172bb20",
        "type": "github"
      },
      "original": {
        "owner": "ethanholz",
        "repo": "nvim-lastplace",
        "type": "github"
      }
    },
    "vim-plugin-nvim-lightbulb": {
      "flake": false,
      "locked": {
        "lastModified": 1689887436,
        "narHash": "sha256-Meoop66jINllnxN6aohuPmU7DEjn64FMq/b8zuy9FEQ=",
        "owner": "kosayoda",
        "repo": "nvim-lightbulb",
        "rev": "8f00b89dd1b1dbde16872bee5fbcee2e58c9b8e9",
        "type": "github"
      },
      "original": {
        "owner": "kosayoda",
        "repo": "nvim-lightbulb",
        "type": "github"
      }
    },
    "vim-plugin-nvim-lspconfig": {
      "flake": false,
      "locked": {
        "lastModified": 1697156513,
        "narHash": "sha256-T4ssH7zzzfLdh9ilLfzp8ZqACK504ENgH2i31CSE5hc=",
        "owner": "neovim",
        "repo": "nvim-lspconfig",
        "rev": "bb8e3dfbe10d80c294bb609c4bb4bba3ecdfbfe2",
        "type": "github"
      },
      "original": {
        "owner": "neovim",
        "repo": "nvim-lspconfig",
        "type": "github"
      }
    },
    "vim-plugin-nvim-notify": {
      "flake": false,
      "locked": {
        "lastModified": 1695930572,
        "narHash": "sha256-1tWvzE4x1lgldg6vAHCQy9XDMcxJ6G9bZPSG1pEn+qg=",
        "owner": "rcarriga",
        "repo": "nvim-notify",
        "rev": "e4a2022f4fec2d5ebc79afa612f96d8b11c627b3",
        "type": "github"
      },
      "original": {
        "owner": "rcarriga",
        "repo": "nvim-notify",
        "type": "github"
      }
    },
    "vim-plugin-nvim-osc52": {
      "flake": false,
      "locked": {
        "lastModified": 1697096633,
        "narHash": "sha256-T+0QJmfX/bOOOjoDrYqxVM+cba/TJs4l8vH0WLppCag=",
        "owner": "ojroques",
        "repo": "nvim-osc52",
        "rev": "5752263ff386f20e9f3b9ca3aaf408efdab08659",
        "type": "github"
      },
      "original": {
        "owner": "ojroques",
        "repo": "nvim-osc52",
        "type": "github"
      }
    },
    "vim-plugin-nvim-surround": {
      "flake": false,
      "locked": {
        "lastModified": 1692322910,
        "narHash": "sha256-mc3PI2DwcSVe6eWjQzhh69+4Cv0m23puZ9oZbTFIQRo=",
        "owner": "kylechui",
        "repo": "nvim-surround",
        "rev": "1c2ef599abeeb98e40706830bcd27e90e259367a",
        "type": "github"
      },
      "original": {
        "owner": "kylechui",
        "repo": "nvim-surround",
        "type": "github"
      }
    },
    "vim-plugin-nvim-tree-lua": {
      "flake": false,
      "locked": {
        "lastModified": 1696725658,
        "narHash": "sha256-8/JxdIY4v4kf24wLA8b2LE1HUD4gYpVEGJrZq7da7Nw=",
        "owner": "kyazdani42",
        "repo": "nvim-tree.lua",
        "rev": "53b0bcaadaffb505acff230578b56a86ec1ab38a",
        "type": "github"
      },
      "original": {
        "owner": "kyazdani42",
        "repo": "nvim-tree.lua",
        "type": "github"
      }
    },
    "vim-plugin-nvim-treesitter-endwise": {
      "flake": false,
      "locked": {
        "lastModified": 1695501753,
        "narHash": "sha256-fkZjVQvlJpcKrmX8ST7TQ9VpCZ9U1dM5OLz6P8KnQAw=",
        "owner": "RRethy",
        "repo": "nvim-treesitter-endwise",
        "rev": "4c344ffc8d54d7e1ba2cefaaa2c10ea93aa1cc2d",
        "type": "github"
      },
      "original": {
        "owner": "RRethy",
        "repo": "nvim-treesitter-endwise",
        "type": "github"
      }
    },
    "vim-plugin-nvim-ts-autotag": {
      "flake": false,
      "locked": {
        "lastModified": 1686883732,
        "narHash": "sha256-4qTtXYA5HyG1sADV0wsiccO/G89qEoYPmlg8tTx7h8g=",
        "owner": "windwp",
        "repo": "nvim-ts-autotag",
        "rev": "6be1192965df35f94b8ea6d323354f7dc7a557e4",
        "type": "github"
      },
      "original": {
        "owner": "windwp",
        "repo": "nvim-ts-autotag",
        "type": "github"
      }
    },
    "vim-plugin-nvim-ts-context-commentstring": {
      "flake": false,
      "locked": {
        "lastModified": 1697124901,
        "narHash": "sha256-VdjBErbyk80U3auQBKnfEg7PPLCRKoacRO5O9w7GyvE=",
        "owner": "JoosepAlviste",
        "repo": "nvim-ts-context-commentstring",
        "rev": "92e688f013c69f90c9bbd596019ec10235bc51de",
        "type": "github"
      },
      "original": {
        "owner": "JoosepAlviste",
        "repo": "nvim-ts-context-commentstring",
        "type": "github"
      }
    },
    "vim-plugin-plenary-nvim": {
      "flake": false,
      "locked": {
        "lastModified": 1697031827,
        "narHash": "sha256-zR44d9MowLG1lIbvrRaFTpO/HXKKrO6lbtZfvvTdx+o=",
        "owner": "nvim-lua",
        "repo": "plenary.nvim",
        "rev": "50012918b2fc8357b87cff2a7f7f0446e47da174",
        "type": "github"
      },
      "original": {
        "owner": "nvim-lua",
        "repo": "plenary.nvim",
        "type": "github"
      }
    },
    "vim-plugin-targets-vim": {
      "flake": false,
      "locked": {
        "lastModified": 1677060232,
        "narHash": "sha256-ByciCHWe74W0Qf0hzKzYx7A9yttxlG6B4p0hWU4VkVc=",
        "owner": "wellle",
        "repo": "targets.vim",
        "rev": "642d3a4ce306264b05ea3219920b13ea80931767",
        "type": "github"
      },
      "original": {
        "owner": "wellle",
        "repo": "targets.vim",
        "type": "github"
      }
    },
    "vim-plugin-telescope-nvim": {
      "flake": false,
      "locked": {
        "lastModified": 1697020163,
        "narHash": "sha256-RN1J2va4E/HBfaZ1qVvohJvyR4wYhylOqfJ65E8Cm9Q=",
        "owner": "nvim-telescope",
        "repo": "telescope.nvim",
        "rev": "74ce793a60759e3db0d265174f137fb627430355",
        "type": "github"
      },
      "original": {
        "owner": "nvim-telescope",
        "repo": "telescope.nvim",
        "type": "github"
      }
    },
    "vim-plugin-traces-vim": {
      "flake": false,
      "locked": {
        "lastModified": 1649675031,
        "narHash": "sha256-rRR760ZtzNa9LukcKVrmpKFnj3CYGyXV9uFiRtkMlj8=",
        "owner": "markonm",
        "repo": "traces.vim",
        "rev": "9663fcf84de5776bee71b6c816c25ccb6ea11d1a",
        "type": "github"
      },
      "original": {
        "owner": "markonm",
        "repo": "traces.vim",
        "type": "github"
      }
    },
    "vim-plugin-vim": {
      "flake": false,
      "locked": {
        "lastModified": 1683146605,
        "narHash": "sha256-P4fbRNeJjXOoAQiWXXHZhm4ejgMD8W7OkdEF4TpEc7g=",
        "owner": "nordtheme",
        "repo": "vim",
        "rev": "f13f5dfbb784deddbc1d8195f34dfd9ec73e2295",
        "type": "github"
      },
      "original": {
        "owner": "nordtheme",
        "repo": "vim",
        "type": "github"
      }
    },
    "vim-plugin-vim-CursorLineCurrentWindow": {
      "flake": false,
      "locked": {
        "lastModified": 1592423479,
        "narHash": "sha256-rOdpyZR7UFPaMlRibv3RvlV9xis1s88GLXlujr1Z1lw=",
        "owner": "inkarkat",
        "repo": "vim-CursorLineCurrentWindow",
        "rev": "6f0875f8db5754aceb2e36fb986179c3812b44b2",
        "type": "github"
      },
      "original": {
        "owner": "inkarkat",
        "repo": "vim-CursorLineCurrentWindow",
        "type": "github"
      }
    },
    "vim-plugin-vim-abolish": {
      "flake": false,
      "locked": {
        "lastModified": 1695997009,
        "narHash": "sha256-MFXQjLIY1WJ6bGuxRr7WiIcjK9lOlMsFDit0bRmYd/s=",
        "owner": "tpope",
        "repo": "vim-abolish",
        "rev": "dcbfe065297d31823561ba787f51056c147aa682",
        "type": "github"
      },
      "original": {
        "owner": "tpope",
        "repo": "vim-abolish",
        "type": "github"
      }
    },
    "vim-plugin-vim-caser": {
      "flake": false,
      "locked": {
        "lastModified": 1627424152,
        "narHash": "sha256-PXAY01O/cHvAdWx3V/pyWFeiV5qJGvLcAKhl5DQc0Ps=",
        "owner": "arthurxavierx",
        "repo": "vim-caser",
        "rev": "6bc9f41d170711c58e0157d882a5fe8c30f34bf6",
        "type": "github"
      },
      "original": {
        "owner": "arthurxavierx",
        "repo": "vim-caser",
        "type": "github"
      }
    },
    "vim-plugin-vim-exchange": {
      "flake": false,
      "locked": {
        "lastModified": 1634829811,
        "narHash": "sha256-2LSl2jRMv1ePqGSZ4UlRPEQ2p4jdqjXeuPK4ePykfJU=",
        "owner": "tommcdo",
        "repo": "vim-exchange",
        "rev": "784d63083ad7d613aa96f00021cd0dfb126a781a",
        "type": "github"
      },
      "original": {
        "owner": "tommcdo",
        "repo": "vim-exchange",
        "type": "github"
      }
    },
    "vim-plugin-vim-fish": {
      "flake": false,
      "locked": {
        "lastModified": 1678657001,
        "narHash": "sha256-v2O3ucrIVnF1dJdgb/djpox4appByl4VtFCxOfV1Du8=",
        "owner": "blankname",
        "repo": "vim-fish",
        "rev": "04285bc045ad51904c7af8a0969879e658304d8e",
        "type": "github"
      },
      "original": {
        "owner": "blankname",
        "repo": "vim-fish",
        "type": "github"
      }
    },
    "vim-plugin-vim-indent-object": {
      "flake": false,
      "locked": {
        "lastModified": 1523165707,
        "narHash": "sha256-KXDoXot/OwkzNk1UdNGVnrnO7jj5ZAP8d3vKLsG3vM4=",
        "owner": "michaeljsmith",
        "repo": "vim-indent-object",
        "rev": "5c5b24c959478929b54a9e831a8e2e651a465965",
        "type": "github"
      },
      "original": {
        "owner": "michaeljsmith",
        "repo": "vim-indent-object",
        "type": "github"
      }
    },
    "vim-plugin-vim-indentwise": {
      "flake": false,
      "locked": {
        "lastModified": 1433719491,
        "narHash": "sha256-ne2r1RdQnHYQ3z3jcCTr85kUPu42oYEKZhGh6FSY3y4=",
        "owner": "jeetsukumaran",
        "repo": "vim-indentwise",
        "rev": "608bd6876d3b56d469e0e615eb774a6e06095dbf",
        "type": "github"
      },
      "original": {
        "owner": "jeetsukumaran",
        "repo": "vim-indentwise",
        "type": "github"
      }
    },
    "vim-plugin-vim-matchup": {
      "flake": false,
      "locked": {
        "lastModified": 1693662630,
        "narHash": "sha256-tHAJZyFvDFPfo7uWevIMAc+dMFi2qZI3vTnLC3KbGbA=",
        "owner": "andymass",
        "repo": "vim-matchup",
        "rev": "6dbe108230c7dbbf00555b7d4d9f6a891837ef07",
        "type": "github"
      },
      "original": {
        "owner": "andymass",
        "repo": "vim-matchup",
        "type": "github"
      }
    },
    "vim-plugin-vim-plug": {
      "flake": false,
      "locked": {
        "lastModified": 1680361161,
        "narHash": "sha256-56Z4oZJ9w0L5FBQyDffhs3OvBfgQx+WPY54oH2lwwqs=",
        "owner": "junegunn",
        "repo": "vim-plug",
        "rev": "ca0ae0a8b1bd6380caba2d8be43a2a19baf7dbe2",
        "type": "github"
      },
      "original": {
        "owner": "junegunn",
        "repo": "vim-plug",
        "type": "github"
      }
    },
    "vim-plugin-vim-repeat": {
      "flake": false,
      "locked": {
        "lastModified": 1611544268,
        "narHash": "sha256-8rfZa3uKXB3TRCqaDHZ6DfzNbm7WaYnLvmTNzYtnKHg=",
        "owner": "tpope",
        "repo": "vim-repeat",
        "rev": "24afe922e6a05891756ecf331f39a1f6743d3d5a",
        "type": "github"
      },
      "original": {
        "owner": "tpope",
        "repo": "vim-repeat",
        "type": "github"
      }
    },
    "vim-plugin-vim-signify": {
      "flake": false,
      "locked": {
        "lastModified": 1683681161,
        "narHash": "sha256-+dsp8rdj/ZrgV9RW/QCpzyRH7bDAjSFpy3elB+hYywM=",
        "owner": "mhinz",
        "repo": "vim-signify",
        "rev": "7d538b77a5a8806e344b057f8846f6d0c035efa9",
        "type": "github"
      },
      "original": {
        "owner": "mhinz",
        "repo": "vim-signify",
        "type": "github"
      }
    },
    "vim-plugin-vim-sleuth": {
      "flake": false,
      "locked": {
        "lastModified": 1673378030,
        "narHash": "sha256-ClltfSVuoNoq5EiWRVBsGz1mrr7FbafGDdgsavLgFVE=",
        "owner": "tpope",
        "repo": "vim-sleuth",
        "rev": "1cc4557420f215d02c4d2645a748a816c220e99b",
        "type": "github"
      },
      "original": {
        "owner": "tpope",
        "repo": "vim-sleuth",
        "type": "github"
      }
    },
    "vim-plugin-vim-tmux-navigator": {
      "flake": false,
      "locked": {
        "lastModified": 1694897700,
        "narHash": "sha256-xCgiaJFS438FY4IAA1UynaCNwOU0s3tct2oqwC4NvxY=",
        "owner": "christoomey",
        "repo": "vim-tmux-navigator",
        "rev": "7db70e08ea03b3e4d91f63713d76134512e28d7e",
        "type": "github"
      },
      "original": {
        "owner": "christoomey",
        "repo": "vim-tmux-navigator",
        "type": "github"
      }
    },
    "vim-plugin-virt-column-nvim": {
      "flake": false,
      "locked": {
        "lastModified": 1695104453,
        "narHash": "sha256-VSeOw+MKLeR/iRRuMe4Ru2DNXWGQgObixfgqN9S7LBw=",
        "owner": "lukas-reineke",
        "repo": "virt-column.nvim",
        "rev": "5fc72873dc3175eddbdbbedea8071919c99ad755",
        "type": "github"
      },
      "original": {
        "owner": "lukas-reineke",
        "repo": "virt-column.nvim",
        "type": "github"
      }
    },
    "vim-plugin-which-key-nvim": {
      "flake": false,
      "locked": {
        "lastModified": 1697180160,
        "narHash": "sha256-SvV5eQnPqTroRHlhLsUxHsL2cfZaqN/bhY7itJlonLk=",
        "owner": "folke",
        "repo": "which-key.nvim",
        "rev": "6962dae3565369363b59dd51fb206051555fcb4d",
        "type": "github"
      },
      "original": {
        "owner": "folke",
        "repo": "which-key.nvim",
        "type": "github"
      }
    }
  },
  "root": "root",
  "version": 7
}
