{
    "_meta": {
        "hash": {
            "sha256": "0db935c816daa7bda04c5e17cc96039353b7c4498f0a730e796aff3375d5a70a"
        },
        "pipfile-spec": 6,
        "requires": {
            "python_version": "3.10"
        },
        "sources": [
            {
                "name": "pypi",
                "url": "https://pypi.org/simple",
                "verify_ssl": true
            }
        ]
    },
    "default": {
        "anyio": {
            "hashes": [
                "sha256:4fd09a25ab7fa01d34512b7249e366cd10358cdafc95022c7ff8c8f8a5026d66",
                "sha256:67da67b5b21f96b9d3d65daa6ea99f5d5282cb09f50eb4456f8fb51dffefc3ff"
            ],
            "markers": "python_full_version >= '3.6.2'",
            "version": "==3.3.4"
        },
        "asyncclick": {
            "hashes": [
                "sha256:c26962b9957abe7ae09c058afbfea199dedea1b54343c1cc2ae1a6a291fab333"
            ],
            "version": "==7.1.2.3"
        },
        "dbus-python": {
            "hashes": [
                "sha256:92bdd1e68b45596c833307a5ff4b217ee6929a1502f5341bae28fd120acf7260"
            ],
            "index": "pypi",
            "version": "==1.2.18"
        },
        "idna": {
            "hashes": [
                "sha256:84d9dd047ffa80596e0f246e2eab0b391788b0503584e8945f2368256d2735ff",
                "sha256:9d643ff0a55b762d5cdb124b8eaa99c66322e2157b69160bc32796e824360e6d"
            ],
            "markers": "python_version >= '3.5'",
            "version": "==3.3"
        },
        "importlib-metadata": {
            "hashes": [
                "sha256:53ccfd5c134223e497627b9815d5030edf77d2ed573922f7a0b8f8bb81a1c100",
                "sha256:75bdec14c397f528724c1bfd9709d660b33a4d2e77387a3358f20b848bb5e5fb"
            ],
            "markers": "python_version >= '3.6'",
            "version": "==4.8.2"
        },
        "pycairo": {
            "hashes": [
                "sha256:0d7a6754d410d911a46f00396bee4be96500ccd3d178e7e98aef1140e3dd67ae",
                "sha256:1ee72b035b21a475e1ed648e26541b04e5d7e753d75ca79de8c583b25785531b",
                "sha256:261c69850d4b2ec03346c9745bad2a835bb8124e4c6961b8ceac503d744eb3b3",
                "sha256:5525da2d8de912750dd157752aa96f1f0a42a437c5625e85b14c936b5c6305ae",
                "sha256:6db823a18e7be1eb2a29c28961f2f01e84d3b449f06be7338d05ac8f90592cd5",
                "sha256:736ffc618e851601e861a630293e5c910ef016b83b2d035a336f83a367bf56ab",
                "sha256:9a32e4a3574a104aa876c35d5e71485dfd6986b18d045534c6ec510c44d5d6a7",
                "sha256:b605151cdd23cedb31855b8666371b6e26b80f02753a52c8b8023a916b1df812",
                "sha256:c8c2bb933974d91c5d19e54b846d964de177e7bf33433bf34ac34c85f9b30e94",
                "sha256:e800486b51fffeb11ed867b4f2220d446e2a60a81a73b7c377123e0cbb72f49d",
                "sha256:f123d3818e30b77b7209d70a6dcfd5b4e34885f9fa539d92dd7ff3e4e2037213"
            ],
            "index": "pypi",
            "version": "==1.20.1"
        },
        "pygobject": {
            "hashes": [
                "sha256:b9803991ec0b0b4175e81fee0ad46090fa7af438fe169348a9b18ae53447afcd"
            ],
            "index": "pypi",
            "version": "==3.42.0"
        },
        "python-kasa": {
            "hashes": [
                "sha256:49ea187804ecc1773610d71cdbaadb283009103e6c62cec45ab4049e2a8824d2",
                "sha256:d96d7ea80c12ab70f74eb3710caa30049673b1758e53f09a0e52535040358d46"
            ],
            "index": "pypi",
            "version": "==0.4.0"
        },
        "sniffio": {
            "hashes": [
                "sha256:471b71698eac1c2112a40ce2752bb2f4a4814c22a54a3eed3676bc0f5ca9f663",
                "sha256:c4666eecec1d3f50960c6bdf61ab7bc350648da6c126e3cf6898d8cd4ddcd3de"
            ],
            "markers": "python_version >= '3.5'",
            "version": "==1.2.0"
        },
        "zipp": {
            "hashes": [
                "sha256:71c644c5369f4a6e07636f0aa966270449561fcea2e3d6747b8d23efaa9d7832",
                "sha256:9fe5ea21568a0a70e50f273397638d39b03353731e6cbbb3fd8502a33fec40bc"
            ],
            "markers": "python_version >= '3.6'",
            "version": "==3.6.0"
        }
    },
    "develop": {}
}
