{
  "nodes": {
    "root": {
      "inputs": {
        "vim-plugin-SchemaStore.nvim": "vim-plugin-SchemaStore.nvim",
        "vim-plugin-cmp-env": "vim-plugin-cmp-env",
        "vim-plugin-folding-nvim": "vim-plugin-folding-nvim",
        "vim-plugin-vCoolor.vim": "vim-plugin-vCoolor.vim",
        "vim-plugin-vim": "vim-plugin-vim",
        "vim-plugin-vim-CursorLineCurrentWindow": "vim-plugin-vim-CursorLineCurrentWindow",
        "vim-plugin-vim-caser": "vim-plugin-vim-caser",
        "vim-plugin-virt-column.nvim": "vim-plugin-virt-column.nvim"
      }
    },
    "vim-plugin-SchemaStore.nvim": {
      "flake": false,
      "locked": {
        "lastModified": 1681750858,
        "narHash": "sha256-ZVCFe74vTQl7joDY1VmRCG3ot4CMH7w18cxQi5KvxMc=",
        "owner": "b0o",
        "repo": "SchemaStore.nvim",
        "rev": "5e1225507dbc46710e7f2bec86f2444e578a959e",
        "type": "github"
      },
      "original": {
        "owner": "b0o",
        "repo": "SchemaStore.nvim",
        "type": "github"
      }
    },
    "vim-plugin-cmp-env": {
      "flake": false,
      "locked": {
        "lastModified": 1666605168,
        "narHash": "sha256-zgxqKYs/l/C6B8gv0iswmdHFl4NuvgX2sYTQxQwvecY=",
        "owner": "bydlw98",
        "repo": "cmp-env",
        "rev": "d27a9579e7846b0d30f247a3d6bc730819e702bb",
        "type": "github"
      },
      "original": {
        "owner": "bydlw98",
        "repo": "cmp-env",
        "type": "github"
      }
    },
    "vim-plugin-folding-nvim": {
      "flake": false,
      "locked": {
        "lastModified": 1645291707,
        "narHash": "sha256-LitLBBdGGJltivCRE3Rc33KwM7fs1uqB6+gCXGogw3A=",
        "owner": "pierreglaser",
        "repo": "folding-nvim",
        "rev": "5d2b3d98c47c8c16aade06ebfd411bc74ad6d205",
        "type": "github"
      },
      "original": {
        "owner": "pierreglaser",
        "repo": "folding-nvim",
        "type": "github"
      }
    },
    "vim-plugin-vCoolor.vim": {
      "flake": false,
      "locked": {
        "lastModified": 1602668087,
        "narHash": "sha256-sfw6Y9NbbFzoYALgQPBuu+36OSaTFzM0tWCOjDl8ag8=",
        "owner": "KabbAmine",
        "repo": "vCoolor.vim",
        "rev": "bc19d684af09b1e146cf72176eea1ecded84882c",
        "type": "github"
      },
      "original": {
        "owner": "KabbAmine",
        "repo": "vCoolor.vim",
        "type": "github"
      }
    },
    "vim-plugin-vim": {
      "flake": false,
      "locked": {
        "lastModified": 1681141240,
        "narHash": "sha256-GtG46oxyvv6fnO6cR6dunebiWYvX+7LRiVnx7/Blb10=",
        "owner": "nordtheme",
        "repo": "vim",
        "rev": "f725ac643afce04021c9abcbb57711fcb9fa71e9",
        "type": "github"
      },
      "original": {
        "owner": "nordtheme",
        "repo": "vim",
        "type": "github"
      }
    },
    "vim-plugin-vim-CursorLineCurrentWindow": {
      "flake": false,
      "locked": {
        "lastModified": 1592423479,
        "narHash": "sha256-rOdpyZR7UFPaMlRibv3RvlV9xis1s88GLXlujr1Z1lw=",
        "owner": "inkarkat",
        "repo": "vim-CursorLineCurrentWindow",
        "rev": "6f0875f8db5754aceb2e36fb986179c3812b44b2",
        "type": "github"
      },
      "original": {
        "owner": "inkarkat",
        "repo": "vim-CursorLineCurrentWindow",
        "type": "github"
      }
    },
    "vim-plugin-vim-caser": {
      "flake": false,
      "locked": {
        "lastModified": 1627424152,
        "narHash": "sha256-PXAY01O/cHvAdWx3V/pyWFeiV5qJGvLcAKhl5DQc0Ps=",
        "owner": "arthurxavierx",
        "repo": "vim-caser",
        "rev": "6bc9f41d170711c58e0157d882a5fe8c30f34bf6",
        "type": "github"
      },
      "original": {
        "owner": "arthurxavierx",
        "repo": "vim-caser",
        "type": "github"
      }
    },
    "vim-plugin-virt-column.nvim": {
      "flake": false,
      "locked": {
        "lastModified": 1674188823,
        "narHash": "sha256-6EbEzg2bfoHmVZyggwvsDlW9OOA4UkcfO0qG0TEDKQs=",
        "owner": "lukas-reineke",
        "repo": "virt-column.nvim",
        "rev": "93b40ea038f676f5a72d7d1f2336fe7b051fc0ce",
        "type": "github"
      },
      "original": {
        "owner": "lukas-reineke",
        "repo": "virt-column.nvim",
        "type": "github"
      }
    }
  },
  "root": "root",
  "version": 7
}
